// !$*UTF8*$!
{
	archiveVersion = 1;
	classes = {
	};
	objectVersion = 42;
	objects = {

/* Begin PBXBuildFile section */
		53548FA21114245A00A4CAE3 /* SDL.framework in Frameworks */ = {isa = PBXBuildFile; fileRef = 53548F9C1114245A00A4CAE3 /* SDL.framework */; };
		53548FA31114245A00A4CAE3 /* ofxSDLAppWindow.cpp in Sources */ = {isa = PBXBuildFile; fileRef = 53548FA01114245A00A4CAE3 /* ofxSDLAppWindow.cpp */; };
		53548FCD1114247600A4CAE3 /* SDL.framework in CopyFiles */ = {isa = PBXBuildFile; fileRef = 53548F9C1114245A00A4CAE3 /* SDL.framework */; };
		535494671114D32200A4CAE3 /* openFrameworks.a in Frameworks */ = {isa = PBXBuildFile; fileRef = 535493641114CCFC00A4CAE3 /* openFrameworks.a */; };
		5354946A1114D33E00A4CAE3 /* GLee.a in Frameworks */ = {isa = PBXBuildFile; fileRef = E45BE0A90E8CC67C009D7055 /* GLee.a */; };
		5354946B1114D36500A4CAE3 /* libfmodex.dylib in Frameworks */ = {isa = PBXBuildFile; fileRef = E4C242CC10CC650E004149E2 /* libfmodex.dylib */; };
		5354946D1114D3C000A4CAE3 /* freetype.a in Frameworks */ = {isa = PBXBuildFile; fileRef = E4C2429310CC5C38004149E2 /* freetype.a */; };
		53558BAF1114F52C0079191E /* binner.cpp in Sources */ = {isa = PBXBuildFile; fileRef = 53558BA41114F52C0079191E /* binner.cpp */; };
		53558BB01114F52C0079191E /* ofxMSAParticle.cpp in Sources */ = {isa = PBXBuildFile; fileRef = 53558BA61114F52C0079191E /* ofxMSAParticle.cpp */; };
		53558BB11114F52C0079191E /* ofxMSAPhysics.cpp in Sources */ = {isa = PBXBuildFile; fileRef = 53558BA81114F52C0079191E /* ofxMSAPhysics.cpp */; };
		53558BB21114F52C0079191E /* ofxMSAPhysicsUtils.cpp in Sources */ = {isa = PBXBuildFile; fileRef = 53558BAA1114F52C0079191E /* ofxMSAPhysicsUtils.cpp */; };
		53558BB91114F6180079191E /* ofxObjCPointer.cpp in Sources */ = {isa = PBXBuildFile; fileRef = 53558BB71114F6180079191E /* ofxObjCPointer.cpp */; };
		53558BE61114F8D00079191E /* Creature.cpp in Sources */ = {isa = PBXBuildFile; fileRef = 53558BE51114F8D00079191E /* Creature.cpp */; };
		53558BE91114F95A0079191E /* CreatureWorld.cpp in Sources */ = {isa = PBXBuildFile; fileRef = 53558BE81114F95A0079191E /* CreatureWorld.cpp */; };
		53558BEC1114FDC70079191E /* Player.cpp in Sources */ = {isa = PBXBuildFile; fileRef = 53558BEB1114FDC70079191E /* Player.cpp */; };
		53558BEF1114FE8B0079191E /* PlayerManager.cpp in Sources */ = {isa = PBXBuildFile; fileRef = 53558BEE1114FE8B0079191E /* PlayerManager.cpp */; };
		53558C141115073B0079191E /* hl_md5.cpp in Sources */ = {isa = PBXBuildFile; fileRef = 53558BF81115073B0079191E /* hl_md5.cpp */; };
		53558C151115073B0079191E /* hl_md5wrapper.cpp in Sources */ = {isa = PBXBuildFile; fileRef = 53558BFA1115073B0079191E /* hl_md5wrapper.cpp */; };
		53558C161115073B0079191E /* hl_sha1.cpp in Sources */ = {isa = PBXBuildFile; fileRef = 53558BFC1115073B0079191E /* hl_sha1.cpp */; };
		53558C171115073B0079191E /* hl_sha1wrapper.cpp in Sources */ = {isa = PBXBuildFile; fileRef = 53558BFE1115073B0079191E /* hl_sha1wrapper.cpp */; };
		53558C181115073B0079191E /* hl_sha256.cpp in Sources */ = {isa = PBXBuildFile; fileRef = 53558C001115073B0079191E /* hl_sha256.cpp */; };
		53558C191115073B0079191E /* hl_sha256wrapper.cpp in Sources */ = {isa = PBXBuildFile; fileRef = 53558C021115073B0079191E /* hl_sha256wrapper.cpp */; };
		53558C1A1115073B0079191E /* hl_sha2ext.cpp in Sources */ = {isa = PBXBuildFile; fileRef = 53558C041115073B0079191E /* hl_sha2ext.cpp */; };
		53558C1B1115073B0079191E /* hl_sha384wrapper.cpp in Sources */ = {isa = PBXBuildFile; fileRef = 53558C071115073B0079191E /* hl_sha384wrapper.cpp */; };
		53558C1C1115073B0079191E /* hl_sha512wrapper.cpp in Sources */ = {isa = PBXBuildFile; fileRef = 53558C091115073B0079191E /* hl_sha512wrapper.cpp */; };
		53558C1D1115073B0079191E /* ofxMSADataProtector.cpp in Sources */ = {isa = PBXBuildFile; fileRef = 53558C0E1115073B0079191E /* ofxMSADataProtector.cpp */; };
		53558C1E1115073B0079191E /* ofxMSAPerlin.cpp in Sources */ = {isa = PBXBuildFile; fileRef = 53558C101115073B0079191E /* ofxMSAPerlin.cpp */; };
		53558C1F1115073B0079191E /* ofxMSAUtils.cpp in Sources */ = {isa = PBXBuildFile; fileRef = 53558C121115073B0079191E /* ofxMSAUtils.cpp */; };
		53A14E601116CA75004A5DA1 /* EdgesForceField.cpp in Sources */ = {isa = PBXBuildFile; fileRef = 53A14E5F1116CA75004A5DA1 /* EdgesForceField.cpp */; };
		53A14F2A1116D822004A5DA1 /* phagos-icon.icns in CopyFiles */ = {isa = PBXBuildFile; fileRef = 53A14ED21116D6B7004A5DA1 /* phagos-icon.icns */; };
		53A14F3B1116DBA3004A5DA1 /* ofOSX.mm in Sources */ = {isa = PBXBuildFile; fileRef = 53A14F3A1116DBA3004A5DA1 /* ofOSX.mm */; };
		53A14F641117DABB004A5DA1 /* Food.cpp in Sources */ = {isa = PBXBuildFile; fileRef = 53A14F631117DABB004A5DA1 /* Food.cpp */; };
		53A151C411182B42004A5DA1 /* GLUT.framework in Frameworks */ = {isa = PBXBuildFile; fileRef = 53A151C311182B42004A5DA1 /* GLUT.framework */; };
		53F571C61115124900889420 /* GameManager.cpp in Sources */ = {isa = PBXBuildFile; fileRef = 53F571C51115124900889420 /* GameManager.cpp */; };
		53F571CE1115181900889420 /* OpeningGameState.cpp in Sources */ = {isa = PBXBuildFile; fileRef = 53F571CD1115181900889420 /* OpeningGameState.cpp */; };
		53F5720011151C7E00889420 /* IntroGameState.cpp in Sources */ = {isa = PBXBuildFile; fileRef = 53F571FE11151C7E00889420 /* IntroGameState.cpp */; };
		53F5722811151E6F00889420 /* WaitingGameState.cpp in Sources */ = {isa = PBXBuildFile; fileRef = 53F5722611151E6F00889420 /* WaitingGameState.cpp */; };
		53F572AF111527EF00889420 /* PlayingGameState.cpp in Sources */ = {isa = PBXBuildFile; fileRef = 53F572AD111527EF00889420 /* PlayingGameState.cpp */; };
		53F572B9111528B000889420 /* OverGameState.cpp in Sources */ = {isa = PBXBuildFile; fileRef = 53F572B7111528B000889420 /* OverGameState.cpp */; };
		53F574301115588000889420 /* CreatureCreator.cpp in Sources */ = {isa = PBXBuildFile; fileRef = 53F5742F1115588000889420 /* CreatureCreator.cpp */; };
		53F5763611157EB300889420 /* Image.cpp in Sources */ = {isa = PBXBuildFile; fileRef = 53F5763411157EB300889420 /* Image.cpp */; };
		53F576941115886700889420 /* SDLMain.m in Sources */ = {isa = PBXBuildFile; fileRef = 5354901E1114281000A4CAE3 /* SDLMain.m */; };
		53F57791111597EC00889420 /* phagosConstants.cpp in Sources */ = {isa = PBXBuildFile; fileRef = 53F57790111597EC00889420 /* phagosConstants.cpp */; };
		53F577D611159EA000889420 /* PhagosLogo.cpp in Sources */ = {isa = PBXBuildFile; fileRef = 53F577D511159EA000889420 /* PhagosLogo.cpp */; };
		53F57B291116567900889420 /* CollisionForceField.cpp in Sources */ = {isa = PBXBuildFile; fileRef = 53F57B281116567900889420 /* CollisionForceField.cpp */; };
		E45BE2E40E8CC69C009D7055 /* rtAudio.a in Frameworks */ = {isa = PBXBuildFile; fileRef = E45BE2E30E8CC69C009D7055 /* rtAudio.a */; };
		E45BE97B0E8CC7DD009D7055 /* AGL.framework in Frameworks */ = {isa = PBXBuildFile; fileRef = E45BE9710E8CC7DD009D7055 /* AGL.framework */; };
		E45BE97C0E8CC7DD009D7055 /* ApplicationServices.framework in Frameworks */ = {isa = PBXBuildFile; fileRef = E45BE9720E8CC7DD009D7055 /* ApplicationServices.framework */; };
		E45BE97D0E8CC7DD009D7055 /* AudioToolbox.framework in Frameworks */ = {isa = PBXBuildFile; fileRef = E45BE9730E8CC7DD009D7055 /* AudioToolbox.framework */; };
		E45BE97E0E8CC7DD009D7055 /* Carbon.framework in Frameworks */ = {isa = PBXBuildFile; fileRef = E45BE9740E8CC7DD009D7055 /* Carbon.framework */; };
		E45BE97F0E8CC7DD009D7055 /* CoreAudio.framework in Frameworks */ = {isa = PBXBuildFile; fileRef = E45BE9750E8CC7DD009D7055 /* CoreAudio.framework */; };
		E45BE9800E8CC7DD009D7055 /* CoreFoundation.framework in Frameworks */ = {isa = PBXBuildFile; fileRef = E45BE9760E8CC7DD009D7055 /* CoreFoundation.framework */; };
		E45BE9810E8CC7DD009D7055 /* CoreServices.framework in Frameworks */ = {isa = PBXBuildFile; fileRef = E45BE9770E8CC7DD009D7055 /* CoreServices.framework */; };
		E45BE9830E8CC7DD009D7055 /* OpenGL.framework in Frameworks */ = {isa = PBXBuildFile; fileRef = E45BE9790E8CC7DD009D7055 /* OpenGL.framework */; };
		E45BE9840E8CC7DD009D7055 /* QuickTime.framework in Frameworks */ = {isa = PBXBuildFile; fileRef = E45BE97A0E8CC7DD009D7055 /* QuickTime.framework */; };
		E4B69E200A3A1BDC003C02F2 /* main.cpp in Sources */ = {isa = PBXBuildFile; fileRef = E4B69E1D0A3A1BDC003C02F2 /* main.cpp */; };
		E4B69E210A3A1BDC003C02F2 /* phagosApp.cpp in Sources */ = {isa = PBXBuildFile; fileRef = E4B69E1E0A3A1BDC003C02F2 /* phagosApp.cpp */; };
		E4C2424710CC5A17004149E2 /* AppKit.framework in Frameworks */ = {isa = PBXBuildFile; fileRef = E4C2424410CC5A17004149E2 /* AppKit.framework */; };
		E4C2424810CC5A17004149E2 /* Cocoa.framework in Frameworks */ = {isa = PBXBuildFile; fileRef = E4C2424510CC5A17004149E2 /* Cocoa.framework */; };
		E4C2424910CC5A17004149E2 /* IOKit.framework in Frameworks */ = {isa = PBXBuildFile; fileRef = E4C2424610CC5A17004149E2 /* IOKit.framework */; };
		E4C2427F10CC5B66004149E2 /* CppUnit.a in Frameworks */ = {isa = PBXBuildFile; fileRef = E4C2427A10CC5B66004149E2 /* CppUnit.a */; };
		E4C2428010CC5B66004149E2 /* PocoFoundation.a in Frameworks */ = {isa = PBXBuildFile; fileRef = E4C2427B10CC5B66004149E2 /* PocoFoundation.a */; };
		E4C2428110CC5B66004149E2 /* PocoNet.a in Frameworks */ = {isa = PBXBuildFile; fileRef = E4C2427C10CC5B66004149E2 /* PocoNet.a */; };
		E4C2428210CC5B66004149E2 /* PocoUtil.a in Frameworks */ = {isa = PBXBuildFile; fileRef = E4C2427D10CC5B66004149E2 /* PocoUtil.a */; };
		E4C2428310CC5B66004149E2 /* PocoXML.a in Frameworks */ = {isa = PBXBuildFile; fileRef = E4C2427E10CC5B66004149E2 /* PocoXML.a */; };
		E4C246DA10CCAE22004149E2 /* freeimage.a in Frameworks */ = {isa = PBXBuildFile; fileRef = E4C246D910CCAE22004149E2 /* freeimage.a */; };
/* End PBXBuildFile section */

/* Begin PBXContainerItemProxy section */
		535493631114CCFC00A4CAE3 /* PBXContainerItemProxy */ = {
			isa = PBXContainerItemProxy;
			containerPortal = E4C2421610CC549C004149E2 /* openFrameworksLib.xcodeproj */;
			proxyType = 2;
			remoteGlobalIDString = E4B27C1510CBEB8E00536013;
			remoteInfo = openFrameworks;
		};
/* End PBXContainerItemProxy section */

/* Begin PBXCopyFilesBuildPhase section */
		E4C2427710CC5ABF004149E2 /* CopyFiles */ = {
			isa = PBXCopyFilesBuildPhase;
			buildActionMask = 2147483647;
			dstPath = "";
			dstSubfolderSpec = 10;
			files = (
				53A14F2A1116D822004A5DA1 /* phagos-icon.icns in CopyFiles */,
				53548FCD1114247600A4CAE3 /* SDL.framework in CopyFiles */,
			);
			runOnlyForDeploymentPostprocessing = 0;
		};
/* End PBXCopyFilesBuildPhase section */

/* Begin PBXFileReference section */
		53548F9C1114245A00A4CAE3 /* SDL.framework */ = {isa = PBXFileReference; lastKnownFileType = wrapper.framework; path = SDL.framework; sourceTree = "<group>"; };
		53548F9E1114245A00A4CAE3 /* ofxSDL.h */ = {isa = PBXFileReference; fileEncoding = 4; lastKnownFileType = sourcecode.c.h; path = ofxSDL.h; sourceTree = "<group>"; };
		53548F9F1114245A00A4CAE3 /* ofxSDLApp.h */ = {isa = PBXFileReference; fileEncoding = 4; lastKnownFileType = sourcecode.c.h; path = ofxSDLApp.h; sourceTree = "<group>"; };
		53548FA01114245A00A4CAE3 /* ofxSDLAppWindow.cpp */ = {isa = PBXFileReference; fileEncoding = 4; lastKnownFileType = sourcecode.cpp.cpp; path = ofxSDLAppWindow.cpp; sourceTree = "<group>"; };
		53548FA11114245A00A4CAE3 /* ofxSDLAppWindow.h */ = {isa = PBXFileReference; fileEncoding = 4; lastKnownFileType = sourcecode.c.h; path = ofxSDLAppWindow.h; sourceTree = "<group>"; };
		5354901D1114281000A4CAE3 /* SDLMain.h */ = {isa = PBXFileReference; fileEncoding = 4; lastKnownFileType = sourcecode.c.h; path = SDLMain.h; sourceTree = "<group>"; };
		5354901E1114281000A4CAE3 /* SDLMain.m */ = {isa = PBXFileReference; fileEncoding = 4; lastKnownFileType = sourcecode.c.objc; path = SDLMain.m; sourceTree = "<group>"; };
		5354918F111447CA00A4CAE3 /* ofxSDLEvents.h */ = {isa = PBXFileReference; fileEncoding = 4; lastKnownFileType = sourcecode.c.h; path = ofxSDLEvents.h; sourceTree = "<group>"; };
		53558B9A1114F52C0079191E /* ofxMSAParticleDrawer.h */ = {isa = PBXFileReference; fileEncoding = 4; lastKnownFileType = sourcecode.c.h; path = ofxMSAParticleDrawer.h; sourceTree = "<group>"; };
		53558B9B1114F52C0079191E /* ofxMSAParticleUpdater.h */ = {isa = PBXFileReference; fileEncoding = 4; lastKnownFileType = sourcecode.c.h; path = ofxMSAParticleUpdater.h; sourceTree = "<group>"; };
		53558B9C1114F52C0079191E /* ofxMSAPhysicsCallbacks.h */ = {isa = PBXFileReference; fileEncoding = 4; lastKnownFileType = sourcecode.c.h; path = ofxMSAPhysicsCallbacks.h; sourceTree = "<group>"; };
		53558B9E1114F52C0079191E /* ofxMSAAttraction.h */ = {isa = PBXFileReference; fileEncoding = 4; lastKnownFileType = sourcecode.c.h; path = ofxMSAAttraction.h; sourceTree = "<group>"; };
		53558B9F1114F52C0079191E /* ofxMSACollision.h */ = {isa = PBXFileReference; fileEncoding = 4; lastKnownFileType = sourcecode.c.h; path = ofxMSACollision.h; sourceTree = "<group>"; };
		53558BA01114F52C0079191E /* ofxMSAConstraint.h */ = {isa = PBXFileReference; fileEncoding = 4; lastKnownFileType = sourcecode.c.h; path = ofxMSAConstraint.h; sourceTree = "<group>"; };
		53558BA11114F52C0079191E /* ofxMSAConstraintTypes.h */ = {isa = PBXFileReference; fileEncoding = 4; lastKnownFileType = sourcecode.c.h; path = ofxMSAConstraintTypes.h; sourceTree = "<group>"; };
		53558BA21114F52C0079191E /* ofxMSASpring.h */ = {isa = PBXFileReference; fileEncoding = 4; lastKnownFileType = sourcecode.c.h; path = ofxMSASpring.h; sourceTree = "<group>"; };
		53558BA41114F52C0079191E /* binner.cpp */ = {isa = PBXFileReference; fileEncoding = 4; lastKnownFileType = sourcecode.cpp.cpp; path = binner.cpp; sourceTree = "<group>"; };
		53558BA51114F52C0079191E /* binner.h */ = {isa = PBXFileReference; fileEncoding = 4; lastKnownFileType = sourcecode.c.h; path = binner.h; sourceTree = "<group>"; };
		53558BA61114F52C0079191E /* ofxMSAParticle.cpp */ = {isa = PBXFileReference; fileEncoding = 4; lastKnownFileType = sourcecode.cpp.cpp; path = ofxMSAParticle.cpp; sourceTree = "<group>"; };
		53558BA71114F52C0079191E /* ofxMSAParticle.h */ = {isa = PBXFileReference; fileEncoding = 4; lastKnownFileType = sourcecode.c.h; path = ofxMSAParticle.h; sourceTree = "<group>"; };
		53558BA81114F52C0079191E /* ofxMSAPhysics.cpp */ = {isa = PBXFileReference; fileEncoding = 4; lastKnownFileType = sourcecode.cpp.cpp; path = ofxMSAPhysics.cpp; sourceTree = "<group>"; };
		53558BA91114F52C0079191E /* ofxMSAPhysicsParams.h */ = {isa = PBXFileReference; fileEncoding = 4; lastKnownFileType = sourcecode.c.h; path = ofxMSAPhysicsParams.h; sourceTree = "<group>"; };
		53558BAA1114F52C0079191E /* ofxMSAPhysicsUtils.cpp */ = {isa = PBXFileReference; fileEncoding = 4; lastKnownFileType = sourcecode.cpp.cpp; path = ofxMSAPhysicsUtils.cpp; sourceTree = "<group>"; };
		53558BAB1114F52C0079191E /* ofxMSAPhysicsUtils.h */ = {isa = PBXFileReference; fileEncoding = 4; lastKnownFileType = sourcecode.c.h; path = ofxMSAPhysicsUtils.h; sourceTree = "<group>"; };
		53558BAC1114F52C0079191E /* ofxMSAPhysics.h */ = {isa = PBXFileReference; fileEncoding = 4; lastKnownFileType = sourcecode.c.h; path = ofxMSAPhysics.h; sourceTree = "<group>"; };
		53558BAE1114F52C0079191E /* ofxMSADataRecorder.h */ = {isa = PBXFileReference; fileEncoding = 4; lastKnownFileType = sourcecode.c.h; path = ofxMSADataRecorder.h; sourceTree = "<group>"; };
		53558BB71114F6180079191E /* ofxObjCPointer.cpp */ = {isa = PBXFileReference; fileEncoding = 4; lastKnownFileType = sourcecode.cpp.cpp; name = ofxObjCPointer.cpp; path = ../../../addons/ofxObjCPointer/src/ofxObjCPointer.cpp; sourceTree = SOURCE_ROOT; };
		53558BB81114F6180079191E /* ofxObjCPointer.h */ = {isa = PBXFileReference; fileEncoding = 4; lastKnownFileType = sourcecode.c.h; name = ofxObjCPointer.h; path = ../../../addons/ofxObjCPointer/src/ofxObjCPointer.h; sourceTree = SOURCE_ROOT; };
		53558BE41114F8D00079191E /* Creature.h */ = {isa = PBXFileReference; fileEncoding = 4; lastKnownFileType = sourcecode.c.h; path = Creature.h; sourceTree = "<group>"; };
		53558BE51114F8D00079191E /* Creature.cpp */ = {isa = PBXFileReference; fileEncoding = 4; lastKnownFileType = sourcecode.cpp.cpp; path = Creature.cpp; sourceTree = "<group>"; };
		53558BE71114F95A0079191E /* CreatureWorld.h */ = {isa = PBXFileReference; fileEncoding = 4; lastKnownFileType = sourcecode.c.h; path = CreatureWorld.h; sourceTree = "<group>"; };
		53558BE81114F95A0079191E /* CreatureWorld.cpp */ = {isa = PBXFileReference; fileEncoding = 4; lastKnownFileType = sourcecode.cpp.cpp; path = CreatureWorld.cpp; sourceTree = "<group>"; };
		53558BEA1114FDC70079191E /* Player.h */ = {isa = PBXFileReference; fileEncoding = 4; lastKnownFileType = sourcecode.c.h; name = Player.h; path = ../creatures/Player.h; sourceTree = "<group>"; };
		53558BEB1114FDC70079191E /* Player.cpp */ = {isa = PBXFileReference; fileEncoding = 4; lastKnownFileType = sourcecode.cpp.cpp; name = Player.cpp; path = ../creatures/Player.cpp; sourceTree = "<group>"; };
		53558BED1114FE8B0079191E /* PlayerManager.h */ = {isa = PBXFileReference; fileEncoding = 4; lastKnownFileType = sourcecode.c.h; name = PlayerManager.h; path = ../creatures/PlayerManager.h; sourceTree = "<group>"; };
		53558BEE1114FE8B0079191E /* PlayerManager.cpp */ = {isa = PBXFileReference; fileEncoding = 4; lastKnownFileType = sourcecode.cpp.cpp; name = PlayerManager.cpp; path = ../creatures/PlayerManager.cpp; sourceTree = "<group>"; };
		53558BF51115073B0079191E /* hashlibpp.h */ = {isa = PBXFileReference; fileEncoding = 4; lastKnownFileType = sourcecode.c.h; name = hashlibpp.h; path = ../../../addons/ofxMSAUtils/libs/hashlib/src/hashlibpp.h; sourceTree = SOURCE_ROOT; };
		53558BF61115073B0079191E /* hl_exception.h */ = {isa = PBXFileReference; fileEncoding = 4; lastKnownFileType = sourcecode.c.h; name = hl_exception.h; path = ../../../addons/ofxMSAUtils/libs/hashlib/src/hl_exception.h; sourceTree = SOURCE_ROOT; };
		53558BF71115073B0079191E /* hl_hashwrapper.h */ = {isa = PBXFileReference; fileEncoding = 4; lastKnownFileType = sourcecode.c.h; name = hl_hashwrapper.h; path = ../../../addons/ofxMSAUtils/libs/hashlib/src/hl_hashwrapper.h; sourceTree = SOURCE_ROOT; };
		53558BF81115073B0079191E /* hl_md5.cpp */ = {isa = PBXFileReference; fileEncoding = 4; lastKnownFileType = sourcecode.cpp.cpp; name = hl_md5.cpp; path = ../../../addons/ofxMSAUtils/libs/hashlib/src/hl_md5.cpp; sourceTree = SOURCE_ROOT; };
		53558BF91115073B0079191E /* hl_md5.h */ = {isa = PBXFileReference; fileEncoding = 4; lastKnownFileType = sourcecode.c.h; name = hl_md5.h; path = ../../../addons/ofxMSAUtils/libs/hashlib/src/hl_md5.h; sourceTree = SOURCE_ROOT; };
		53558BFA1115073B0079191E /* hl_md5wrapper.cpp */ = {isa = PBXFileReference; fileEncoding = 4; lastKnownFileType = sourcecode.cpp.cpp; name = hl_md5wrapper.cpp; path = ../../../addons/ofxMSAUtils/libs/hashlib/src/hl_md5wrapper.cpp; sourceTree = SOURCE_ROOT; };
		53558BFB1115073B0079191E /* hl_md5wrapper.h */ = {isa = PBXFileReference; fileEncoding = 4; lastKnownFileType = sourcecode.c.h; name = hl_md5wrapper.h; path = ../../../addons/ofxMSAUtils/libs/hashlib/src/hl_md5wrapper.h; sourceTree = SOURCE_ROOT; };
		53558BFC1115073B0079191E /* hl_sha1.cpp */ = {isa = PBXFileReference; fileEncoding = 4; lastKnownFileType = sourcecode.cpp.cpp; name = hl_sha1.cpp; path = ../../../addons/ofxMSAUtils/libs/hashlib/src/hl_sha1.cpp; sourceTree = SOURCE_ROOT; };
		53558BFD1115073B0079191E /* hl_sha1.h */ = {isa = PBXFileReference; fileEncoding = 4; lastKnownFileType = sourcecode.c.h; name = hl_sha1.h; path = ../../../addons/ofxMSAUtils/libs/hashlib/src/hl_sha1.h; sourceTree = SOURCE_ROOT; };
		53558BFE1115073B0079191E /* hl_sha1wrapper.cpp */ = {isa = PBXFileReference; fileEncoding = 4; lastKnownFileType = sourcecode.cpp.cpp; name = hl_sha1wrapper.cpp; path = ../../../addons/ofxMSAUtils/libs/hashlib/src/hl_sha1wrapper.cpp; sourceTree = SOURCE_ROOT; };
		53558BFF1115073B0079191E /* hl_sha1wrapper.h */ = {isa = PBXFileReference; fileEncoding = 4; lastKnownFileType = sourcecode.c.h; name = hl_sha1wrapper.h; path = ../../../addons/ofxMSAUtils/libs/hashlib/src/hl_sha1wrapper.h; sourceTree = SOURCE_ROOT; };
		53558C001115073B0079191E /* hl_sha256.cpp */ = {isa = PBXFileReference; fileEncoding = 4; lastKnownFileType = sourcecode.cpp.cpp; name = hl_sha256.cpp; path = ../../../addons/ofxMSAUtils/libs/hashlib/src/hl_sha256.cpp; sourceTree = SOURCE_ROOT; };
		53558C011115073B0079191E /* hl_sha256.h */ = {isa = PBXFileReference; fileEncoding = 4; lastKnownFileType = sourcecode.c.h; name = hl_sha256.h; path = ../../../addons/ofxMSAUtils/libs/hashlib/src/hl_sha256.h; sourceTree = SOURCE_ROOT; };
		53558C021115073B0079191E /* hl_sha256wrapper.cpp */ = {isa = PBXFileReference; fileEncoding = 4; lastKnownFileType = sourcecode.cpp.cpp; name = hl_sha256wrapper.cpp; path = ../../../addons/ofxMSAUtils/libs/hashlib/src/hl_sha256wrapper.cpp; sourceTree = SOURCE_ROOT; };
		53558C031115073B0079191E /* hl_sha256wrapper.h */ = {isa = PBXFileReference; fileEncoding = 4; lastKnownFileType = sourcecode.c.h; name = hl_sha256wrapper.h; path = ../../../addons/ofxMSAUtils/libs/hashlib/src/hl_sha256wrapper.h; sourceTree = SOURCE_ROOT; };
		53558C041115073B0079191E /* hl_sha2ext.cpp */ = {isa = PBXFileReference; fileEncoding = 4; lastKnownFileType = sourcecode.cpp.cpp; name = hl_sha2ext.cpp; path = ../../../addons/ofxMSAUtils/libs/hashlib/src/hl_sha2ext.cpp; sourceTree = SOURCE_ROOT; };
		53558C051115073B0079191E /* hl_sha2ext.h */ = {isa = PBXFileReference; fileEncoding = 4; lastKnownFileType = sourcecode.c.h; name = hl_sha2ext.h; path = ../../../addons/ofxMSAUtils/libs/hashlib/src/hl_sha2ext.h; sourceTree = SOURCE_ROOT; };
		53558C061115073B0079191E /* hl_sha2mac.h */ = {isa = PBXFileReference; fileEncoding = 4; lastKnownFileType = sourcecode.c.h; name = hl_sha2mac.h; path = ../../../addons/ofxMSAUtils/libs/hashlib/src/hl_sha2mac.h; sourceTree = SOURCE_ROOT; };
		53558C071115073B0079191E /* hl_sha384wrapper.cpp */ = {isa = PBXFileReference; fileEncoding = 4; lastKnownFileType = sourcecode.cpp.cpp; name = hl_sha384wrapper.cpp; path = ../../../addons/ofxMSAUtils/libs/hashlib/src/hl_sha384wrapper.cpp; sourceTree = SOURCE_ROOT; };
		53558C081115073B0079191E /* hl_sha384wrapper.h */ = {isa = PBXFileReference; fileEncoding = 4; lastKnownFileType = sourcecode.c.h; name = hl_sha384wrapper.h; path = ../../../addons/ofxMSAUtils/libs/hashlib/src/hl_sha384wrapper.h; sourceTree = SOURCE_ROOT; };
		53558C091115073B0079191E /* hl_sha512wrapper.cpp */ = {isa = PBXFileReference; fileEncoding = 4; lastKnownFileType = sourcecode.cpp.cpp; name = hl_sha512wrapper.cpp; path = ../../../addons/ofxMSAUtils/libs/hashlib/src/hl_sha512wrapper.cpp; sourceTree = SOURCE_ROOT; };
		53558C0A1115073B0079191E /* hl_sha512wrapper.h */ = {isa = PBXFileReference; fileEncoding = 4; lastKnownFileType = sourcecode.c.h; name = hl_sha512wrapper.h; path = ../../../addons/ofxMSAUtils/libs/hashlib/src/hl_sha512wrapper.h; sourceTree = SOURCE_ROOT; };
		53558C0B1115073B0079191E /* hl_types.h */ = {isa = PBXFileReference; fileEncoding = 4; lastKnownFileType = sourcecode.c.h; name = hl_types.h; path = ../../../addons/ofxMSAUtils/libs/hashlib/src/hl_types.h; sourceTree = SOURCE_ROOT; };
		53558C0E1115073B0079191E /* ofxMSADataProtector.cpp */ = {isa = PBXFileReference; fileEncoding = 4; lastKnownFileType = sourcecode.cpp.cpp; name = ofxMSADataProtector.cpp; path = ../../../addons/ofxMSAUtils/src/ofxMSADataProtector.cpp; sourceTree = SOURCE_ROOT; };
		53558C0F1115073B0079191E /* ofxMSADataProtector.h */ = {isa = PBXFileReference; fileEncoding = 4; lastKnownFileType = sourcecode.c.h; name = ofxMSADataProtector.h; path = ../../../addons/ofxMSAUtils/src/ofxMSADataProtector.h; sourceTree = SOURCE_ROOT; };
		53558C101115073B0079191E /* ofxMSAPerlin.cpp */ = {isa = PBXFileReference; fileEncoding = 4; lastKnownFileType = sourcecode.cpp.cpp; name = ofxMSAPerlin.cpp; path = ../../../addons/ofxMSAUtils/src/ofxMSAPerlin.cpp; sourceTree = SOURCE_ROOT; };
		53558C111115073B0079191E /* ofxMSAPerlin.h */ = {isa = PBXFileReference; fileEncoding = 4; lastKnownFileType = sourcecode.c.h; name = ofxMSAPerlin.h; path = ../../../addons/ofxMSAUtils/src/ofxMSAPerlin.h; sourceTree = SOURCE_ROOT; };
		53558C121115073B0079191E /* ofxMSAUtils.cpp */ = {isa = PBXFileReference; fileEncoding = 4; lastKnownFileType = sourcecode.cpp.cpp; name = ofxMSAUtils.cpp; path = ../../../addons/ofxMSAUtils/src/ofxMSAUtils.cpp; sourceTree = SOURCE_ROOT; };
		53558C131115073B0079191E /* ofxMSAUtils.h */ = {isa = PBXFileReference; fileEncoding = 4; lastKnownFileType = sourcecode.c.h; name = ofxMSAUtils.h; path = ../../../addons/ofxMSAUtils/src/ofxMSAUtils.h; sourceTree = SOURCE_ROOT; };
		53A14E5F1116CA75004A5DA1 /* EdgesForceField.cpp */ = {isa = PBXFileReference; fileEncoding = 4; lastKnownFileType = sourcecode.cpp.cpp; path = EdgesForceField.cpp; sourceTree = "<group>"; };
		53A14ED21116D6B7004A5DA1 /* phagos-icon.icns */ = {isa = PBXFileReference; lastKnownFileType = image.icns; path = "phagos-icon.icns"; sourceTree = "<group>"; };
		53A14ED41116D6B7004A5DA1 /* background.png */ = {isa = PBXFileReference; lastKnownFileType = image.png; path = background.png; sourceTree = "<group>"; };
		53A14ED51116D6B7004A5DA1 /* creator-ring.png */ = {isa = PBXFileReference; lastKnownFileType = image.png; path = "creator-ring.png"; sourceTree = "<group>"; };
		53A14ED61116D6B7004A5DA1 /* ring-glow.png */ = {isa = PBXFileReference; lastKnownFileType = image.png; path = "ring-glow.png"; sourceTree = "<group>"; };
		53A14ED81116D6B7004A5DA1 /* a-1_0000.png */ = {isa = PBXFileReference; lastKnownFileType = image.png; path = "a-1_0000.png"; sourceTree = "<group>"; };
		53A14ED91116D6B7004A5DA1 /* a-1_0001.png */ = {isa = PBXFileReference; lastKnownFileType = image.png; path = "a-1_0001.png"; sourceTree = "<group>"; };
		53A14EDA1116D6B7004A5DA1 /* a-1_0002.png */ = {isa = PBXFileReference; lastKnownFileType = image.png; path = "a-1_0002.png"; sourceTree = "<group>"; };
		53A14EDB1116D6B7004A5DA1 /* a-1_0003.png */ = {isa = PBXFileReference; lastKnownFileType = image.png; path = "a-1_0003.png"; sourceTree = "<group>"; };
		53A14EDC1116D6B7004A5DA1 /* a-1_0004.png */ = {isa = PBXFileReference; lastKnownFileType = image.png; path = "a-1_0004.png"; sourceTree = "<group>"; };
		53A14EDD1116D6B7004A5DA1 /* a-2_0000.png */ = {isa = PBXFileReference; lastKnownFileType = image.png; path = "a-2_0000.png"; sourceTree = "<group>"; };
		53A14EDE1116D6B7004A5DA1 /* a-2_0001.png */ = {isa = PBXFileReference; lastKnownFileType = image.png; path = "a-2_0001.png"; sourceTree = "<group>"; };
		53A14EDF1116D6B7004A5DA1 /* a-2_0002.png */ = {isa = PBXFileReference; lastKnownFileType = image.png; path = "a-2_0002.png"; sourceTree = "<group>"; };
		53A14EE01116D6B7004A5DA1 /* a-2_0003.png */ = {isa = PBXFileReference; lastKnownFileType = image.png; path = "a-2_0003.png"; sourceTree = "<group>"; };
		53A14EE11116D6B7004A5DA1 /* a-2_0004.png */ = {isa = PBXFileReference; lastKnownFileType = image.png; path = "a-2_0004.png"; sourceTree = "<group>"; };
		53A14EE21116D6B7004A5DA1 /* g-1_0000.png */ = {isa = PBXFileReference; lastKnownFileType = image.png; path = "g-1_0000.png"; sourceTree = "<group>"; };
		53A14EE31116D6B7004A5DA1 /* g-1_0001.png */ = {isa = PBXFileReference; lastKnownFileType = image.png; path = "g-1_0001.png"; sourceTree = "<group>"; };
		53A14EE41116D6B7004A5DA1 /* g-1_0002.png */ = {isa = PBXFileReference; lastKnownFileType = image.png; path = "g-1_0002.png"; sourceTree = "<group>"; };
		53A14EE51116D6B7004A5DA1 /* g-1_0003.png */ = {isa = PBXFileReference; lastKnownFileType = image.png; path = "g-1_0003.png"; sourceTree = "<group>"; };
		53A14EE61116D6B7004A5DA1 /* g-1_0004.png */ = {isa = PBXFileReference; lastKnownFileType = image.png; path = "g-1_0004.png"; sourceTree = "<group>"; };
		53A14EE71116D6B7004A5DA1 /* g-2_0000.png */ = {isa = PBXFileReference; lastKnownFileType = image.png; path = "g-2_0000.png"; sourceTree = "<group>"; };
		53A14EE81116D6B7004A5DA1 /* g-2_0001.png */ = {isa = PBXFileReference; lastKnownFileType = image.png; path = "g-2_0001.png"; sourceTree = "<group>"; };
		53A14EE91116D6B7004A5DA1 /* g-2_0002.png */ = {isa = PBXFileReference; lastKnownFileType = image.png; path = "g-2_0002.png"; sourceTree = "<group>"; };
		53A14EEA1116D6B7004A5DA1 /* g-2_0003.png */ = {isa = PBXFileReference; lastKnownFileType = image.png; path = "g-2_0003.png"; sourceTree = "<group>"; };
		53A14EEB1116D6B7004A5DA1 /* g-2_0004.png */ = {isa = PBXFileReference; lastKnownFileType = image.png; path = "g-2_0004.png"; sourceTree = "<group>"; };
		53A14EEC1116D6B7004A5DA1 /* h-1_0000.png */ = {isa = PBXFileReference; lastKnownFileType = image.png; path = "h-1_0000.png"; sourceTree = "<group>"; };
		53A14EED1116D6B7004A5DA1 /* h-1_0001.png */ = {isa = PBXFileReference; lastKnownFileType = image.png; path = "h-1_0001.png"; sourceTree = "<group>"; };
		53A14EEE1116D6B7004A5DA1 /* h-1_0002.png */ = {isa = PBXFileReference; lastKnownFileType = image.png; path = "h-1_0002.png"; sourceTree = "<group>"; };
		53A14EEF1116D6B7004A5DA1 /* h-1_0003.png */ = {isa = PBXFileReference; lastKnownFileType = image.png; path = "h-1_0003.png"; sourceTree = "<group>"; };
		53A14EF01116D6B7004A5DA1 /* h-1_0004.png */ = {isa = PBXFileReference; lastKnownFileType = image.png; path = "h-1_0004.png"; sourceTree = "<group>"; };
		53A14EF11116D6B7004A5DA1 /* h-2_0000.png */ = {isa = PBXFileReference; lastKnownFileType = image.png; path = "h-2_0000.png"; sourceTree = "<group>"; };
		53A14EF21116D6B7004A5DA1 /* h-2_0001.png */ = {isa = PBXFileReference; lastKnownFileType = image.png; path = "h-2_0001.png"; sourceTree = "<group>"; };
		53A14EF31116D6B7004A5DA1 /* h-2_0002.png */ = {isa = PBXFileReference; lastKnownFileType = image.png; path = "h-2_0002.png"; sourceTree = "<group>"; };
		53A14EF41116D6B7004A5DA1 /* h-2_0003.png */ = {isa = PBXFileReference; lastKnownFileType = image.png; path = "h-2_0003.png"; sourceTree = "<group>"; };
		53A14EF51116D6B7004A5DA1 /* h-2_0004.png */ = {isa = PBXFileReference; lastKnownFileType = image.png; path = "h-2_0004.png"; sourceTree = "<group>"; };
		53A14EF61116D6B7004A5DA1 /* o-1_0000.png */ = {isa = PBXFileReference; lastKnownFileType = image.png; path = "o-1_0000.png"; sourceTree = "<group>"; };
		53A14EF71116D6B7004A5DA1 /* o-1_0001.png */ = {isa = PBXFileReference; lastKnownFileType = image.png; path = "o-1_0001.png"; sourceTree = "<group>"; };
		53A14EF81116D6B7004A5DA1 /* o-1_0002.png */ = {isa = PBXFileReference; lastKnownFileType = image.png; path = "o-1_0002.png"; sourceTree = "<group>"; };
		53A14EF91116D6B7004A5DA1 /* o-1_0003.png */ = {isa = PBXFileReference; lastKnownFileType = image.png; path = "o-1_0003.png"; sourceTree = "<group>"; };
		53A14EFA1116D6B7004A5DA1 /* o-1_0004.png */ = {isa = PBXFileReference; lastKnownFileType = image.png; path = "o-1_0004.png"; sourceTree = "<group>"; };
		53A14EFB1116D6B7004A5DA1 /* o-2_0000.png */ = {isa = PBXFileReference; lastKnownFileType = image.png; path = "o-2_0000.png"; sourceTree = "<group>"; };
		53A14EFC1116D6B7004A5DA1 /* o-2_0001.png */ = {isa = PBXFileReference; lastKnownFileType = image.png; path = "o-2_0001.png"; sourceTree = "<group>"; };
		53A14EFD1116D6B7004A5DA1 /* o-2_0002.png */ = {isa = PBXFileReference; lastKnownFileType = image.png; path = "o-2_0002.png"; sourceTree = "<group>"; };
		53A14EFE1116D6B7004A5DA1 /* o-2_0003.png */ = {isa = PBXFileReference; lastKnownFileType = image.png; path = "o-2_0003.png"; sourceTree = "<group>"; };
		53A14EFF1116D6B7004A5DA1 /* o-2_0004.png */ = {isa = PBXFileReference; lastKnownFileType = image.png; path = "o-2_0004.png"; sourceTree = "<group>"; };
		53A14F001116D6B7004A5DA1 /* p-1_0000.png */ = {isa = PBXFileReference; lastKnownFileType = image.png; path = "p-1_0000.png"; sourceTree = "<group>"; };
		53A14F011116D6B7004A5DA1 /* p-1_0001.png */ = {isa = PBXFileReference; lastKnownFileType = image.png; path = "p-1_0001.png"; sourceTree = "<group>"; };
		53A14F021116D6B7004A5DA1 /* p-1_0002.png */ = {isa = PBXFileReference; lastKnownFileType = image.png; path = "p-1_0002.png"; sourceTree = "<group>"; };
		53A14F031116D6B7004A5DA1 /* p-1_0003.png */ = {isa = PBXFileReference; lastKnownFileType = image.png; path = "p-1_0003.png"; sourceTree = "<group>"; };
		53A14F041116D6B7004A5DA1 /* p-1_0004.png */ = {isa = PBXFileReference; lastKnownFileType = image.png; path = "p-1_0004.png"; sourceTree = "<group>"; };
		53A14F051116D6B7004A5DA1 /* p-2_0000.png */ = {isa = PBXFileReference; lastKnownFileType = image.png; path = "p-2_0000.png"; sourceTree = "<group>"; };
		53A14F061116D6B7004A5DA1 /* p-2_0001.png */ = {isa = PBXFileReference; lastKnownFileType = image.png; path = "p-2_0001.png"; sourceTree = "<group>"; };
		53A14F071116D6B7004A5DA1 /* p-2_0002.png */ = {isa = PBXFileReference; lastKnownFileType = image.png; path = "p-2_0002.png"; sourceTree = "<group>"; };
		53A14F081116D6B7004A5DA1 /* p-2_0003.png */ = {isa = PBXFileReference; lastKnownFileType = image.png; path = "p-2_0003.png"; sourceTree = "<group>"; };
		53A14F091116D6B7004A5DA1 /* p-2_0004.png */ = {isa = PBXFileReference; lastKnownFileType = image.png; path = "p-2_0004.png"; sourceTree = "<group>"; };
		53A14F0A1116D6B7004A5DA1 /* s-1_0000.png */ = {isa = PBXFileReference; lastKnownFileType = image.png; path = "s-1_0000.png"; sourceTree = "<group>"; };
		53A14F0B1116D6B7004A5DA1 /* s-1_0001.png */ = {isa = PBXFileReference; lastKnownFileType = image.png; path = "s-1_0001.png"; sourceTree = "<group>"; };
		53A14F0C1116D6B7004A5DA1 /* s-1_0002.png */ = {isa = PBXFileReference; lastKnownFileType = image.png; path = "s-1_0002.png"; sourceTree = "<group>"; };
		53A14F0D1116D6B7004A5DA1 /* s-1_0003.png */ = {isa = PBXFileReference; lastKnownFileType = image.png; path = "s-1_0003.png"; sourceTree = "<group>"; };
		53A14F0E1116D6B7004A5DA1 /* s-1_0004.png */ = {isa = PBXFileReference; lastKnownFileType = image.png; path = "s-1_0004.png"; sourceTree = "<group>"; };
		53A14F0F1116D6B7004A5DA1 /* s-2_0000.png */ = {isa = PBXFileReference; lastKnownFileType = image.png; path = "s-2_0000.png"; sourceTree = "<group>"; };
		53A14F101116D6B7004A5DA1 /* s-2_0001.png */ = {isa = PBXFileReference; lastKnownFileType = image.png; path = "s-2_0001.png"; sourceTree = "<group>"; };
		53A14F111116D6B7004A5DA1 /* s-2_0002.png */ = {isa = PBXFileReference; lastKnownFileType = image.png; path = "s-2_0002.png"; sourceTree = "<group>"; };
		53A14F121116D6B7004A5DA1 /* s-2_0003.png */ = {isa = PBXFileReference; lastKnownFileType = image.png; path = "s-2_0003.png"; sourceTree = "<group>"; };
		53A14F131116D6B7004A5DA1 /* s-2_0004.png */ = {isa = PBXFileReference; lastKnownFileType = image.png; path = "s-2_0004.png"; sourceTree = "<group>"; };
		53A14F181116D6B7004A5DA1 /* lab.png */ = {isa = PBXFileReference; lastKnownFileType = image.png; path = lab.png; sourceTree = "<group>"; };
		53A14F191116D6B7004A5DA1 /* scientists.png */ = {isa = PBXFileReference; lastKnownFileType = image.png; path = scientists.png; sourceTree = "<group>"; };
		53A14F1A1116D6B7004A5DA1 /* skeletists.png */ = {isa = PBXFileReference; lastKnownFileType = image.png; path = skeletists.png; sourceTree = "<group>"; };
		53A14F391116DBA3004A5DA1 /* ofOSX.h */ = {isa = PBXFileReference; fileEncoding = 4; lastKnownFileType = sourcecode.c.h; path = ofOSX.h; sourceTree = "<group>"; };
		53A14F3A1116DBA3004A5DA1 /* ofOSX.mm */ = {isa = PBXFileReference; fileEncoding = 4; lastKnownFileType = sourcecode.cpp.objcpp; path = ofOSX.mm; sourceTree = "<group>"; };
		53A14F621117DABB004A5DA1 /* Food.h */ = {isa = PBXFileReference; fileEncoding = 4; lastKnownFileType = sourcecode.c.h; path = Food.h; sourceTree = "<group>"; };
		53A14F631117DABB004A5DA1 /* Food.cpp */ = {isa = PBXFileReference; fileEncoding = 4; lastKnownFileType = sourcecode.cpp.cpp; path = Food.cpp; sourceTree = "<group>"; };
		53A151C311182B42004A5DA1 /* GLUT.framework */ = {isa = PBXFileReference; lastKnownFileType = wrapper.framework; name = GLUT.framework; path = System/Library/Frameworks/GLUT.framework; sourceTree = SDKROOT; };
		53F571C41115124900889420 /* GameManager.h */ = {isa = PBXFileReference; fileEncoding = 4; lastKnownFileType = sourcecode.c.h; path = GameManager.h; sourceTree = "<group>"; };
		53F571C51115124900889420 /* GameManager.cpp */ = {isa = PBXFileReference; fileEncoding = 4; lastKnownFileType = sourcecode.cpp.cpp; path = GameManager.cpp; sourceTree = "<group>"; };
		53F571C71115163F00889420 /* GameStateInstance.h */ = {isa = PBXFileReference; fileEncoding = 4; lastKnownFileType = sourcecode.c.h; path = GameStateInstance.h; sourceTree = "<group>"; };
		53F571CC1115181900889420 /* OpeningGameState.h */ = {isa = PBXFileReference; fileEncoding = 4; lastKnownFileType = sourcecode.c.h; path = OpeningGameState.h; sourceTree = "<group>"; };
		53F571CD1115181900889420 /* OpeningGameState.cpp */ = {isa = PBXFileReference; fileEncoding = 4; lastKnownFileType = sourcecode.cpp.cpp; path = OpeningGameState.cpp; sourceTree = "<group>"; };
		53F571FE11151C7E00889420 /* IntroGameState.cpp */ = {isa = PBXFileReference; fileEncoding = 4; lastKnownFileType = sourcecode.cpp.cpp; path = IntroGameState.cpp; sourceTree = "<group>"; };
		53F571FF11151C7E00889420 /* IntroGameState.h */ = {isa = PBXFileReference; fileEncoding = 4; lastKnownFileType = sourcecode.c.h; path = IntroGameState.h; sourceTree = "<group>"; };
		53F5722611151E6F00889420 /* WaitingGameState.cpp */ = {isa = PBXFileReference; fileEncoding = 4; lastKnownFileType = sourcecode.cpp.cpp; path = WaitingGameState.cpp; sourceTree = "<group>"; };
		53F5722711151E6F00889420 /* WaitingGameState.h */ = {isa = PBXFileReference; fileEncoding = 4; lastKnownFileType = sourcecode.c.h; path = WaitingGameState.h; sourceTree = "<group>"; };
		53F572AD111527EF00889420 /* PlayingGameState.cpp */ = {isa = PBXFileReference; fileEncoding = 4; lastKnownFileType = sourcecode.cpp.cpp; path = PlayingGameState.cpp; sourceTree = "<group>"; };
		53F572AE111527EF00889420 /* PlayingGameState.h */ = {isa = PBXFileReference; fileEncoding = 4; lastKnownFileType = sourcecode.c.h; path = PlayingGameState.h; sourceTree = "<group>"; };
		53F572B7111528B000889420 /* OverGameState.cpp */ = {isa = PBXFileReference; fileEncoding = 4; lastKnownFileType = sourcecode.cpp.cpp; path = OverGameState.cpp; sourceTree = "<group>"; };
		53F572B8111528B000889420 /* OverGameState.h */ = {isa = PBXFileReference; fileEncoding = 4; lastKnownFileType = sourcecode.c.h; path = OverGameState.h; sourceTree = "<group>"; };
		53F5734A111535B700889420 /* phagosConstants.h */ = {isa = PBXFileReference; fileEncoding = 4; lastKnownFileType = sourcecode.c.h; path = phagosConstants.h; sourceTree = "<group>"; };
		53F5742E1115588000889420 /* CreatureCreator.h */ = {isa = PBXFileReference; fileEncoding = 4; lastKnownFileType = sourcecode.c.h; path = CreatureCreator.h; sourceTree = "<group>"; };
		53F5742F1115588000889420 /* CreatureCreator.cpp */ = {isa = PBXFileReference; fileEncoding = 4; lastKnownFileType = sourcecode.cpp.cpp; path = CreatureCreator.cpp; sourceTree = "<group>"; };
		53F5746B1115617200889420 /* ofxMSAShape3D.h */ = {isa = PBXFileReference; fileEncoding = 4; lastKnownFileType = sourcecode.c.h; path = ofxMSAShape3D.h; sourceTree = "<group>"; };
		53F5763411157EB300889420 /* Image.cpp */ = {isa = PBXFileReference; fileEncoding = 4; lastKnownFileType = sourcecode.cpp.cpp; path = Image.cpp; sourceTree = "<group>"; };
		53F5763511157EB300889420 /* Image.h */ = {isa = PBXFileReference; fileEncoding = 4; lastKnownFileType = sourcecode.c.h; path = Image.h; sourceTree = "<group>"; };
		53F57790111597EC00889420 /* phagosConstants.cpp */ = {isa = PBXFileReference; fileEncoding = 4; lastKnownFileType = sourcecode.cpp.cpp; path = phagosConstants.cpp; sourceTree = "<group>"; };
		53F577D411159EA000889420 /* PhagosLogo.h */ = {isa = PBXFileReference; fileEncoding = 4; lastKnownFileType = sourcecode.c.h; path = PhagosLogo.h; sourceTree = "<group>"; };
		53F577D511159EA000889420 /* PhagosLogo.cpp */ = {isa = PBXFileReference; fileEncoding = 4; lastKnownFileType = sourcecode.cpp.cpp; path = PhagosLogo.cpp; sourceTree = "<group>"; };
		53F579B611162FCC00889420 /* EdgesForceField.h */ = {isa = PBXFileReference; fileEncoding = 4; lastKnownFileType = sourcecode.c.h; path = EdgesForceField.h; sourceTree = "<group>"; };
		53F57B1411164FFA00889420 /* CollisionForceField.h */ = {isa = PBXFileReference; fileEncoding = 4; lastKnownFileType = sourcecode.c.h; path = CollisionForceField.h; sourceTree = "<group>"; };
		53F57B281116567900889420 /* CollisionForceField.cpp */ = {isa = PBXFileReference; fileEncoding = 4; lastKnownFileType = sourcecode.cpp.cpp; path = CollisionForceField.cpp; sourceTree = "<group>"; };
		53F57BC2111662DD00889420 /* ofxMSAPhysicsUpdater.h */ = {isa = PBXFileReference; fileEncoding = 4; lastKnownFileType = sourcecode.c.h; path = ofxMSAPhysicsUpdater.h; sourceTree = "<group>"; };
		E45BE0390E8CC647009D7055 /* FreeImage.h */ = {isa = PBXFileReference; fileEncoding = 4; lastKnownFileType = sourcecode.c.h; path = FreeImage.h; sourceTree = "<group>"; };
		E45BE03F0E8CC650009D7055 /* fmod.h */ = {isa = PBXFileReference; fileEncoding = 4; lastKnownFileType = sourcecode.c.h; path = fmod.h; sourceTree = "<group>"; };
		E45BE0400E8CC650009D7055 /* fmod.hpp */ = {isa = PBXFileReference; fileEncoding = 4; lastKnownFileType = sourcecode.cpp.h; path = fmod.hpp; sourceTree = "<group>"; };
		E45BE0410E8CC650009D7055 /* fmod_codec.h */ = {isa = PBXFileReference; fileEncoding = 4; lastKnownFileType = sourcecode.c.h; path = fmod_codec.h; sourceTree = "<group>"; };
		E45BE0420E8CC650009D7055 /* fmod_dsp.h */ = {isa = PBXFileReference; fileEncoding = 4; lastKnownFileType = sourcecode.c.h; path = fmod_dsp.h; sourceTree = "<group>"; };
		E45BE0430E8CC650009D7055 /* fmod_errors.h */ = {isa = PBXFileReference; fileEncoding = 4; lastKnownFileType = sourcecode.c.h; path = fmod_errors.h; sourceTree = "<group>"; };
		E45BE0440E8CC650009D7055 /* fmod_output.h */ = {isa = PBXFileReference; fileEncoding = 4; lastKnownFileType = sourcecode.c.h; path = fmod_output.h; sourceTree = "<group>"; };
		E45BE0A70E8CC67C009D7055 /* GLee.h */ = {isa = PBXFileReference; fileEncoding = 4; lastKnownFileType = sourcecode.c.h; path = GLee.h; sourceTree = "<group>"; };
		E45BE0A90E8CC67C009D7055 /* GLee.a */ = {isa = PBXFileReference; lastKnownFileType = archive.ar; name = GLee.a; path = osx/GLee.a; sourceTree = "<group>"; };
		E45BE2E00E8CC69C009D7055 /* RtAudio.h */ = {isa = PBXFileReference; fileEncoding = 4; lastKnownFileType = sourcecode.c.h; path = RtAudio.h; sourceTree = "<group>"; };
		E45BE2E10E8CC69C009D7055 /* RtError.h */ = {isa = PBXFileReference; fileEncoding = 4; lastKnownFileType = sourcecode.c.h; path = RtError.h; sourceTree = "<group>"; };
		E45BE2E30E8CC69C009D7055 /* rtAudio.a */ = {isa = PBXFileReference; lastKnownFileType = archive.ar; name = rtAudio.a; path = osx/rtAudio.a; sourceTree = "<group>"; };
		E45BE9710E8CC7DD009D7055 /* AGL.framework */ = {isa = PBXFileReference; lastKnownFileType = wrapper.framework; name = AGL.framework; path = /System/Library/Frameworks/AGL.framework; sourceTree = "<absolute>"; };
		E45BE9720E8CC7DD009D7055 /* ApplicationServices.framework */ = {isa = PBXFileReference; lastKnownFileType = wrapper.framework; name = ApplicationServices.framework; path = /System/Library/Frameworks/ApplicationServices.framework; sourceTree = "<absolute>"; };
		E45BE9730E8CC7DD009D7055 /* AudioToolbox.framework */ = {isa = PBXFileReference; lastKnownFileType = wrapper.framework; name = AudioToolbox.framework; path = /System/Library/Frameworks/AudioToolbox.framework; sourceTree = "<absolute>"; };
		E45BE9740E8CC7DD009D7055 /* Carbon.framework */ = {isa = PBXFileReference; lastKnownFileType = wrapper.framework; name = Carbon.framework; path = /System/Library/Frameworks/Carbon.framework; sourceTree = "<absolute>"; };
		E45BE9750E8CC7DD009D7055 /* CoreAudio.framework */ = {isa = PBXFileReference; lastKnownFileType = wrapper.framework; name = CoreAudio.framework; path = /System/Library/Frameworks/CoreAudio.framework; sourceTree = "<absolute>"; };
		E45BE9760E8CC7DD009D7055 /* CoreFoundation.framework */ = {isa = PBXFileReference; lastKnownFileType = wrapper.framework; name = CoreFoundation.framework; path = /System/Library/Frameworks/CoreFoundation.framework; sourceTree = "<absolute>"; };
		E45BE9770E8CC7DD009D7055 /* CoreServices.framework */ = {isa = PBXFileReference; lastKnownFileType = wrapper.framework; name = CoreServices.framework; path = /System/Library/Frameworks/CoreServices.framework; sourceTree = "<absolute>"; };
		E45BE9790E8CC7DD009D7055 /* OpenGL.framework */ = {isa = PBXFileReference; lastKnownFileType = wrapper.framework; name = OpenGL.framework; path = /System/Library/Frameworks/OpenGL.framework; sourceTree = "<absolute>"; };
		E45BE97A0E8CC7DD009D7055 /* QuickTime.framework */ = {isa = PBXFileReference; lastKnownFileType = wrapper.framework; name = QuickTime.framework; path = /System/Library/Frameworks/QuickTime.framework; sourceTree = "<absolute>"; };
		E4B69B5B0A3A1756003C02F2 /* Phagos.app */ = {isa = PBXFileReference; explicitFileType = wrapper.application; includeInIndex = 0; path = Phagos.app; sourceTree = BUILT_PRODUCTS_DIR; };
		E4B69E1D0A3A1BDC003C02F2 /* main.cpp */ = {isa = PBXFileReference; fileEncoding = 30; lastKnownFileType = sourcecode.cpp.cpp; path = main.cpp; sourceTree = "<group>"; };
		E4B69E1E0A3A1BDC003C02F2 /* phagosApp.cpp */ = {isa = PBXFileReference; explicitFileType = sourcecode.cpp.cpp; fileEncoding = 30; path = phagosApp.cpp; sourceTree = "<group>"; };
		E4B69E1F0A3A1BDC003C02F2 /* phagosApp.h */ = {isa = PBXFileReference; fileEncoding = 30; lastKnownFileType = sourcecode.c.h; path = phagosApp.h; sourceTree = "<group>"; };
		E4B6FCAD0C3E899E008CF71C /* openFrameworks-Info.plist */ = {isa = PBXFileReference; fileEncoding = 30; lastKnownFileType = text.plist.xml; path = "openFrameworks-Info.plist"; sourceTree = "<group>"; };
		E4C2421610CC549C004149E2 /* openFrameworksLib.xcodeproj */ = {isa = PBXFileReference; lastKnownFileType = "wrapper.pb-project"; path = openFrameworksLib.xcodeproj; sourceTree = "<group>"; };
		E4C2424410CC5A17004149E2 /* AppKit.framework */ = {isa = PBXFileReference; lastKnownFileType = wrapper.framework; name = AppKit.framework; path = /System/Library/Frameworks/AppKit.framework; sourceTree = "<absolute>"; };
		E4C2424510CC5A17004149E2 /* Cocoa.framework */ = {isa = PBXFileReference; lastKnownFileType = wrapper.framework; name = Cocoa.framework; path = /System/Library/Frameworks/Cocoa.framework; sourceTree = "<absolute>"; };
		E4C2424610CC5A17004149E2 /* IOKit.framework */ = {isa = PBXFileReference; lastKnownFileType = wrapper.framework; name = IOKit.framework; path = /System/Library/Frameworks/IOKit.framework; sourceTree = "<absolute>"; };
		E4C2427A10CC5B66004149E2 /* CppUnit.a */ = {isa = PBXFileReference; lastKnownFileType = archive.ar; name = CppUnit.a; path = osx/CppUnit.a; sourceTree = "<group>"; };
		E4C2427B10CC5B66004149E2 /* PocoFoundation.a */ = {isa = PBXFileReference; lastKnownFileType = archive.ar; name = PocoFoundation.a; path = osx/PocoFoundation.a; sourceTree = "<group>"; };
		E4C2427C10CC5B66004149E2 /* PocoNet.a */ = {isa = PBXFileReference; lastKnownFileType = archive.ar; name = PocoNet.a; path = osx/PocoNet.a; sourceTree = "<group>"; };
		E4C2427D10CC5B66004149E2 /* PocoUtil.a */ = {isa = PBXFileReference; lastKnownFileType = archive.ar; name = PocoUtil.a; path = osx/PocoUtil.a; sourceTree = "<group>"; };
		E4C2427E10CC5B66004149E2 /* PocoXML.a */ = {isa = PBXFileReference; lastKnownFileType = archive.ar; name = PocoXML.a; path = osx/PocoXML.a; sourceTree = "<group>"; };
		E4C2429310CC5C38004149E2 /* freetype.a */ = {isa = PBXFileReference; lastKnownFileType = archive.ar; name = freetype.a; path = osx/freetype.a; sourceTree = "<group>"; };
		E4C242CC10CC650E004149E2 /* libfmodex.dylib */ = {isa = PBXFileReference; lastKnownFileType = "compiled.mach-o.dylib"; name = libfmodex.dylib; path = osx/libfmodex.dylib; sourceTree = "<group>"; };
		E4C246D910CCAE22004149E2 /* freeimage.a */ = {isa = PBXFileReference; lastKnownFileType = archive.ar; name = freeimage.a; path = osx/freeimage.a; sourceTree = "<group>"; };
/* End PBXFileReference section */

/* Begin PBXFrameworksBuildPhase section */
		E4B69B590A3A1756003C02F2 /* Frameworks */ = {
			isa = PBXFrameworksBuildPhase;
			buildActionMask = 2147483647;
			files = (
				535494671114D32200A4CAE3 /* openFrameworks.a in Frameworks */,
				5354946A1114D33E00A4CAE3 /* GLee.a in Frameworks */,
				E45BE2E40E8CC69C009D7055 /* rtAudio.a in Frameworks */,
				E45BE97B0E8CC7DD009D7055 /* AGL.framework in Frameworks */,
				E45BE97C0E8CC7DD009D7055 /* ApplicationServices.framework in Frameworks */,
				E45BE97D0E8CC7DD009D7055 /* AudioToolbox.framework in Frameworks */,
				E45BE97E0E8CC7DD009D7055 /* Carbon.framework in Frameworks */,
				E45BE97F0E8CC7DD009D7055 /* CoreAudio.framework in Frameworks */,
				E45BE9800E8CC7DD009D7055 /* CoreFoundation.framework in Frameworks */,
				E45BE9810E8CC7DD009D7055 /* CoreServices.framework in Frameworks */,
				E45BE9830E8CC7DD009D7055 /* OpenGL.framework in Frameworks */,
				E45BE9840E8CC7DD009D7055 /* QuickTime.framework in Frameworks */,
				E4C2424710CC5A17004149E2 /* AppKit.framework in Frameworks */,
				E4C2424810CC5A17004149E2 /* Cocoa.framework in Frameworks */,
				E4C2424910CC5A17004149E2 /* IOKit.framework in Frameworks */,
				E4C2427F10CC5B66004149E2 /* CppUnit.a in Frameworks */,
				53548FA21114245A00A4CAE3 /* SDL.framework in Frameworks */,
				E4C2428010CC5B66004149E2 /* PocoFoundation.a in Frameworks */,
				E4C2428110CC5B66004149E2 /* PocoNet.a in Frameworks */,
				E4C2428210CC5B66004149E2 /* PocoUtil.a in Frameworks */,
				E4C2428310CC5B66004149E2 /* PocoXML.a in Frameworks */,
				5354946D1114D3C000A4CAE3 /* freetype.a in Frameworks */,
				5354946B1114D36500A4CAE3 /* libfmodex.dylib in Frameworks */,
				E4C246DA10CCAE22004149E2 /* freeimage.a in Frameworks */,
				53A151C411182B42004A5DA1 /* GLUT.framework in Frameworks */,
			);
			runOnlyForDeploymentPostprocessing = 0;
		};
/* End PBXFrameworksBuildPhase section */

/* Begin PBXGroup section */
		53548F981114241300A4CAE3 /* addons */ = {
			isa = PBXGroup;
			children = (
				53F5745F1115615900889420 /* ofxMSAShape3D */,
				53558BF01115073B0079191E /* ofxMSAUtils */,
				53558BB31114F5A40079191E /* ofxObjCPointer */,
				53558B961114F5180079191E /* ofxMSAPhysics */,
				53548F9A1114245A00A4CAE3 /* ofxSDL */,
			);
			path = addons;
			sourceTree = "<group>";
		};
		53548F9A1114245A00A4CAE3 /* ofxSDL */ = {
			isa = PBXGroup;
			children = (
				53548F9B1114245A00A4CAE3 /* libs */,
				53548F9D1114245A00A4CAE3 /* src */,
			);
			path = ofxSDL;
			sourceTree = "<group>";
		};
		53548F9B1114245A00A4CAE3 /* libs */ = {
			isa = PBXGroup;
			children = (
				53548F9C1114245A00A4CAE3 /* SDL.framework */,
			);
			path = libs;
			sourceTree = "<group>";
		};
		53548F9D1114245A00A4CAE3 /* src */ = {
			isa = PBXGroup;
			children = (
				53548F9E1114245A00A4CAE3 /* ofxSDL.h */,
				5354918F111447CA00A4CAE3 /* ofxSDLEvents.h */,
				53548F9F1114245A00A4CAE3 /* ofxSDLApp.h */,
				53548FA11114245A00A4CAE3 /* ofxSDLAppWindow.h */,
				53548FA01114245A00A4CAE3 /* ofxSDLAppWindow.cpp */,
				5354901D1114281000A4CAE3 /* SDLMain.h */,
				5354901E1114281000A4CAE3 /* SDLMain.m */,
			);
			path = src;
			sourceTree = "<group>";
		};
		535493601114CCFC00A4CAE3 /* Products */ = {
			isa = PBXGroup;
			children = (
				535493641114CCFC00A4CAE3 /* openFrameworks.a */,
			);
			name = Products;
			sourceTree = "<group>";
		};
		5354940A1114D02500A4CAE3 /* openFrameworks */ = {
			isa = PBXGroup;
			children = (
				53548F981114241300A4CAE3 /* addons */,
				E45BE0480E8CC657009D7055 /* core libraries */,
				E45BE5980E8CC70C009D7055 /* core frameworks */,
			);
			name = openFrameworks;
			path = ../../..;
			sourceTree = SOURCE_ROOT;
		};
		53558B961114F5180079191E /* ofxMSAPhysics */ = {
			isa = PBXGroup;
			children = (
				53558B981114F52C0079191E /* src */,
			);
			path = ofxMSAPhysics;
			sourceTree = "<group>";
		};
		53558B981114F52C0079191E /* src */ = {
			isa = PBXGroup;
			children = (
				53558B991114F52C0079191E /* Callbacks */,
				53558B9D1114F52C0079191E /* Constraints */,
				53558BA31114F52C0079191E /* Core */,
				53558BAC1114F52C0079191E /* ofxMSAPhysics.h */,
				53558BAD1114F52C0079191E /* serialization */,
			);
			path = src;
			sourceTree = "<group>";
		};
		53558B991114F52C0079191E /* Callbacks */ = {
			isa = PBXGroup;
			children = (
				53558B9A1114F52C0079191E /* ofxMSAParticleDrawer.h */,
				53558B9B1114F52C0079191E /* ofxMSAParticleUpdater.h */,
				53558B9C1114F52C0079191E /* ofxMSAPhysicsCallbacks.h */,
				53F57BC2111662DD00889420 /* ofxMSAPhysicsUpdater.h */,
			);
			path = Callbacks;
			sourceTree = "<group>";
		};
		53558B9D1114F52C0079191E /* Constraints */ = {
			isa = PBXGroup;
			children = (
				53558B9E1114F52C0079191E /* ofxMSAAttraction.h */,
				53558B9F1114F52C0079191E /* ofxMSACollision.h */,
				53558BA01114F52C0079191E /* ofxMSAConstraint.h */,
				53558BA11114F52C0079191E /* ofxMSAConstraintTypes.h */,
				53558BA21114F52C0079191E /* ofxMSASpring.h */,
			);
			path = Constraints;
			sourceTree = "<group>";
		};
		53558BA31114F52C0079191E /* Core */ = {
			isa = PBXGroup;
			children = (
				53558BA41114F52C0079191E /* binner.cpp */,
				53558BA51114F52C0079191E /* binner.h */,
				53558BA61114F52C0079191E /* ofxMSAParticle.cpp */,
				53558BA71114F52C0079191E /* ofxMSAParticle.h */,
				53558BA81114F52C0079191E /* ofxMSAPhysics.cpp */,
				53558BA91114F52C0079191E /* ofxMSAPhysicsParams.h */,
				53558BAA1114F52C0079191E /* ofxMSAPhysicsUtils.cpp */,
				53558BAB1114F52C0079191E /* ofxMSAPhysicsUtils.h */,
			);
			path = Core;
			sourceTree = "<group>";
		};
		53558BAD1114F52C0079191E /* serialization */ = {
			isa = PBXGroup;
			children = (
				53558BAE1114F52C0079191E /* ofxMSADataRecorder.h */,
			);
			path = serialization;
			sourceTree = "<group>";
		};
		53558BB31114F5A40079191E /* ofxObjCPointer */ = {
			isa = PBXGroup;
			children = (
				53558BB61114F6180079191E /* src */,
			);
			path = ofxObjCPointer;
			sourceTree = "<group>";
		};
		53558BB61114F6180079191E /* src */ = {
			isa = PBXGroup;
			children = (
				53558BB71114F6180079191E /* ofxObjCPointer.cpp */,
				53558BB81114F6180079191E /* ofxObjCPointer.h */,
			);
			name = src;
			path = ../../../addons/ofxObjCPointer/src;
			sourceTree = SOURCE_ROOT;
		};
		53558BE31114F8B60079191E /* creatures */ = {
			isa = PBXGroup;
			children = (
				53558BE41114F8D00079191E /* Creature.h */,
				53558BE51114F8D00079191E /* Creature.cpp */,
				53558BE71114F95A0079191E /* CreatureWorld.h */,
				53558BE81114F95A0079191E /* CreatureWorld.cpp */,
				53F5742E1115588000889420 /* CreatureCreator.h */,
				53F5742F1115588000889420 /* CreatureCreator.cpp */,
				53F579B611162FCC00889420 /* EdgesForceField.h */,
				53A14E5F1116CA75004A5DA1 /* EdgesForceField.cpp */,
				53F57B1411164FFA00889420 /* CollisionForceField.h */,
				53F57B281116567900889420 /* CollisionForceField.cpp */,
				53A14F621117DABB004A5DA1 /* Food.h */,
				53A14F631117DABB004A5DA1 /* Food.cpp */,
			);
			path = creatures;
			sourceTree = "<group>";
		};
		53558BF01115073B0079191E /* ofxMSAUtils */ = {
			isa = PBXGroup;
			children = (
				53558BF21115073B0079191E /* libs */,
				53558C0D1115073B0079191E /* src */,
			);
			path = ofxMSAUtils;
			sourceTree = "<group>";
		};
		53558BF21115073B0079191E /* libs */ = {
			isa = PBXGroup;
			children = (
				53558BF31115073B0079191E /* hashlib */,
			);
			name = libs;
			path = ../../../addons/ofxMSAUtils/libs;
			sourceTree = SOURCE_ROOT;
		};
		53558BF31115073B0079191E /* hashlib */ = {
			isa = PBXGroup;
			children = (
				53558BF41115073B0079191E /* src */,
			);
			name = hashlib;
			path = ../../../addons/ofxMSAUtils/libs/hashlib;
			sourceTree = SOURCE_ROOT;
		};
		53558BF41115073B0079191E /* src */ = {
			isa = PBXGroup;
			children = (
				53558BF51115073B0079191E /* hashlibpp.h */,
				53558BF61115073B0079191E /* hl_exception.h */,
				53558BF71115073B0079191E /* hl_hashwrapper.h */,
				53558BF81115073B0079191E /* hl_md5.cpp */,
				53558BF91115073B0079191E /* hl_md5.h */,
				53558BFA1115073B0079191E /* hl_md5wrapper.cpp */,
				53558BFB1115073B0079191E /* hl_md5wrapper.h */,
				53558BFC1115073B0079191E /* hl_sha1.cpp */,
				53558BFD1115073B0079191E /* hl_sha1.h */,
				53558BFE1115073B0079191E /* hl_sha1wrapper.cpp */,
				53558BFF1115073B0079191E /* hl_sha1wrapper.h */,
				53558C001115073B0079191E /* hl_sha256.cpp */,
				53558C011115073B0079191E /* hl_sha256.h */,
				53558C021115073B0079191E /* hl_sha256wrapper.cpp */,
				53558C031115073B0079191E /* hl_sha256wrapper.h */,
				53558C041115073B0079191E /* hl_sha2ext.cpp */,
				53558C051115073B0079191E /* hl_sha2ext.h */,
				53558C061115073B0079191E /* hl_sha2mac.h */,
				53558C071115073B0079191E /* hl_sha384wrapper.cpp */,
				53558C081115073B0079191E /* hl_sha384wrapper.h */,
				53558C091115073B0079191E /* hl_sha512wrapper.cpp */,
				53558C0A1115073B0079191E /* hl_sha512wrapper.h */,
				53558C0B1115073B0079191E /* hl_types.h */,
			);
			name = src;
			path = ../../../addons/ofxMSAUtils/libs/hashlib/src;
			sourceTree = SOURCE_ROOT;
		};
		53558C0D1115073B0079191E /* src */ = {
			isa = PBXGroup;
			children = (
				53558C0E1115073B0079191E /* ofxMSADataProtector.cpp */,
				53558C0F1115073B0079191E /* ofxMSADataProtector.h */,
				53558C101115073B0079191E /* ofxMSAPerlin.cpp */,
				53558C111115073B0079191E /* ofxMSAPerlin.h */,
				53558C121115073B0079191E /* ofxMSAUtils.cpp */,
				53558C131115073B0079191E /* ofxMSAUtils.h */,
			);
			name = src;
			path = ../../../addons/ofxMSAUtils/src;
			sourceTree = SOURCE_ROOT;
		};
		53558C2011150BA20079191E /* game */ = {
			isa = PBXGroup;
			children = (
				53F571CA111517FD00889420 /* states */,
				53558BEA1114FDC70079191E /* Player.h */,
				53558BEB1114FDC70079191E /* Player.cpp */,
				53558BED1114FE8B0079191E /* PlayerManager.h */,
				53558BEE1114FE8B0079191E /* PlayerManager.cpp */,
				53F571C41115124900889420 /* GameManager.h */,
				53F571C51115124900889420 /* GameManager.cpp */,
				53F571C71115163F00889420 /* GameStateInstance.h */,
				53F577D411159EA000889420 /* PhagosLogo.h */,
				53F577D511159EA000889420 /* PhagosLogo.cpp */,
			);
			path = game;
			sourceTree = "<group>";
		};
		53A14ED11116D6B7004A5DA1 /* Resources */ = {
			isa = PBXGroup;
			children = (
				53A14ED21116D6B7004A5DA1 /* phagos-icon.icns */,
				53A14ED31116D6B7004A5DA1 /* images */,
				53A14ED71116D6B7004A5DA1 /* logo */,
				53A14F141116D6B7004A5DA1 /* science */,
			);
			name = Resources;
			path = bin/Resources;
			sourceTree = "<group>";
		};
		53A14ED31116D6B7004A5DA1 /* images */ = {
			isa = PBXGroup;
			children = (
				53A14ED41116D6B7004A5DA1 /* background.png */,
				53A14ED51116D6B7004A5DA1 /* creator-ring.png */,
				53A14ED61116D6B7004A5DA1 /* ring-glow.png */,
			);
			path = images;
			sourceTree = "<group>";
		};
		53A14ED71116D6B7004A5DA1 /* logo */ = {
			isa = PBXGroup;
			children = (
				53A14ED81116D6B7004A5DA1 /* a-1_0000.png */,
				53A14ED91116D6B7004A5DA1 /* a-1_0001.png */,
				53A14EDA1116D6B7004A5DA1 /* a-1_0002.png */,
				53A14EDB1116D6B7004A5DA1 /* a-1_0003.png */,
				53A14EDC1116D6B7004A5DA1 /* a-1_0004.png */,
				53A14EDD1116D6B7004A5DA1 /* a-2_0000.png */,
				53A14EDE1116D6B7004A5DA1 /* a-2_0001.png */,
				53A14EDF1116D6B7004A5DA1 /* a-2_0002.png */,
				53A14EE01116D6B7004A5DA1 /* a-2_0003.png */,
				53A14EE11116D6B7004A5DA1 /* a-2_0004.png */,
				53A14EE21116D6B7004A5DA1 /* g-1_0000.png */,
				53A14EE31116D6B7004A5DA1 /* g-1_0001.png */,
				53A14EE41116D6B7004A5DA1 /* g-1_0002.png */,
				53A14EE51116D6B7004A5DA1 /* g-1_0003.png */,
				53A14EE61116D6B7004A5DA1 /* g-1_0004.png */,
				53A14EE71116D6B7004A5DA1 /* g-2_0000.png */,
				53A14EE81116D6B7004A5DA1 /* g-2_0001.png */,
				53A14EE91116D6B7004A5DA1 /* g-2_0002.png */,
				53A14EEA1116D6B7004A5DA1 /* g-2_0003.png */,
				53A14EEB1116D6B7004A5DA1 /* g-2_0004.png */,
				53A14EEC1116D6B7004A5DA1 /* h-1_0000.png */,
				53A14EED1116D6B7004A5DA1 /* h-1_0001.png */,
				53A14EEE1116D6B7004A5DA1 /* h-1_0002.png */,
				53A14EEF1116D6B7004A5DA1 /* h-1_0003.png */,
				53A14EF01116D6B7004A5DA1 /* h-1_0004.png */,
				53A14EF11116D6B7004A5DA1 /* h-2_0000.png */,
				53A14EF21116D6B7004A5DA1 /* h-2_0001.png */,
				53A14EF31116D6B7004A5DA1 /* h-2_0002.png */,
				53A14EF41116D6B7004A5DA1 /* h-2_0003.png */,
				53A14EF51116D6B7004A5DA1 /* h-2_0004.png */,
				53A14EF61116D6B7004A5DA1 /* o-1_0000.png */,
				53A14EF71116D6B7004A5DA1 /* o-1_0001.png */,
				53A14EF81116D6B7004A5DA1 /* o-1_0002.png */,
				53A14EF91116D6B7004A5DA1 /* o-1_0003.png */,
				53A14EFA1116D6B7004A5DA1 /* o-1_0004.png */,
				53A14EFB1116D6B7004A5DA1 /* o-2_0000.png */,
				53A14EFC1116D6B7004A5DA1 /* o-2_0001.png */,
				53A14EFD1116D6B7004A5DA1 /* o-2_0002.png */,
				53A14EFE1116D6B7004A5DA1 /* o-2_0003.png */,
				53A14EFF1116D6B7004A5DA1 /* o-2_0004.png */,
				53A14F001116D6B7004A5DA1 /* p-1_0000.png */,
				53A14F011116D6B7004A5DA1 /* p-1_0001.png */,
				53A14F021116D6B7004A5DA1 /* p-1_0002.png */,
				53A14F031116D6B7004A5DA1 /* p-1_0003.png */,
				53A14F041116D6B7004A5DA1 /* p-1_0004.png */,
				53A14F051116D6B7004A5DA1 /* p-2_0000.png */,
				53A14F061116D6B7004A5DA1 /* p-2_0001.png */,
				53A14F071116D6B7004A5DA1 /* p-2_0002.png */,
				53A14F081116D6B7004A5DA1 /* p-2_0003.png */,
				53A14F091116D6B7004A5DA1 /* p-2_0004.png */,
				53A14F0A1116D6B7004A5DA1 /* s-1_0000.png */,
				53A14F0B1116D6B7004A5DA1 /* s-1_0001.png */,
				53A14F0C1116D6B7004A5DA1 /* s-1_0002.png */,
				53A14F0D1116D6B7004A5DA1 /* s-1_0003.png */,
				53A14F0E1116D6B7004A5DA1 /* s-1_0004.png */,
				53A14F0F1116D6B7004A5DA1 /* s-2_0000.png */,
				53A14F101116D6B7004A5DA1 /* s-2_0001.png */,
				53A14F111116D6B7004A5DA1 /* s-2_0002.png */,
				53A14F121116D6B7004A5DA1 /* s-2_0003.png */,
				53A14F131116D6B7004A5DA1 /* s-2_0004.png */,
			);
			path = logo;
			sourceTree = "<group>";
		};
		53A14F141116D6B7004A5DA1 /* science */ = {
			isa = PBXGroup;
			children = (
				53A14F181116D6B7004A5DA1 /* lab.png */,
				53A14F191116D6B7004A5DA1 /* scientists.png */,
				53A14F1A1116D6B7004A5DA1 /* skeletists.png */,
			);
			path = science;
			sourceTree = "<group>";
		};
		53F571CA111517FD00889420 /* states */ = {
			isa = PBXGroup;
			children = (
				53F571CC1115181900889420 /* OpeningGameState.h */,
				53F571CD1115181900889420 /* OpeningGameState.cpp */,
				53F571FF11151C7E00889420 /* IntroGameState.h */,
				53F571FE11151C7E00889420 /* IntroGameState.cpp */,
				53F5722711151E6F00889420 /* WaitingGameState.h */,
				53F5722611151E6F00889420 /* WaitingGameState.cpp */,
				53F572AE111527EF00889420 /* PlayingGameState.h */,
				53F572AD111527EF00889420 /* PlayingGameState.cpp */,
				53F572B8111528B000889420 /* OverGameState.h */,
				53F572B7111528B000889420 /* OverGameState.cpp */,
			);
			path = states;
			sourceTree = "<group>";
		};
		53F5745F1115615900889420 /* ofxMSAShape3D */ = {
			isa = PBXGroup;
			children = (
				53F5746A1115617200889420 /* src */,
			);
			path = ofxMSAShape3D;
			sourceTree = "<group>";
		};
		53F5746A1115617200889420 /* src */ = {
			isa = PBXGroup;
			children = (
				53F5746B1115617200889420 /* ofxMSAShape3D.h */,
			);
			path = src;
			sourceTree = "<group>";
		};
		E45BE0370E8CC647009D7055 /* FreeImage */ = {
			isa = PBXGroup;
			children = (
				E45BE0380E8CC647009D7055 /* include */,
				E4C246D810CCAE22004149E2 /* lib */,
			);
			path = FreeImage;
			sourceTree = "<group>";
		};
		E45BE0380E8CC647009D7055 /* include */ = {
			isa = PBXGroup;
			children = (
				E45BE0390E8CC647009D7055 /* FreeImage.h */,
			);
			path = include;
			sourceTree = "<group>";
		};
		E45BE03D0E8CC650009D7055 /* fmodex */ = {
			isa = PBXGroup;
			children = (
				E45BE03E0E8CC650009D7055 /* include */,
				E4C2428E10CC5C18004149E2 /* lib */,
			);
			path = fmodex;
			sourceTree = "<group>";
		};
		E45BE03E0E8CC650009D7055 /* include */ = {
			isa = PBXGroup;
			children = (
				E45BE03F0E8CC650009D7055 /* fmod.h */,
				E45BE0400E8CC650009D7055 /* fmod.hpp */,
				E45BE0410E8CC650009D7055 /* fmod_codec.h */,
				E45BE0420E8CC650009D7055 /* fmod_dsp.h */,
				E45BE0430E8CC650009D7055 /* fmod_errors.h */,
				E45BE0440E8CC650009D7055 /* fmod_output.h */,
			);
			path = include;
			sourceTree = "<group>";
		};
		E45BE0480E8CC657009D7055 /* core libraries */ = {
			isa = PBXGroup;
			children = (
				E4C2422310CC54B6004149E2 /* openFrameworks */,
				E45BEC7B0E8CC911009D7055 /* poco */,
				E45BE2D50E8CC69C009D7055 /* rtAudio */,
				E45BE0A50E8CC67C009D7055 /* glee */,
				E45BE0490E8CC676009D7055 /* freetype */,
				E45BE03D0E8CC650009D7055 /* fmodex */,
				E45BE0370E8CC647009D7055 /* FreeImage */,
			);
			name = "core libraries";
			path = libs;
			sourceTree = "<group>";
		};
		E45BE0490E8CC676009D7055 /* freetype */ = {
			isa = PBXGroup;
			children = (
				E4C2429210CC5C38004149E2 /* lib */,
			);
			path = freetype;
			sourceTree = "<group>";
		};
		E45BE0A50E8CC67C009D7055 /* glee */ = {
			isa = PBXGroup;
			children = (
				E45BE0A60E8CC67C009D7055 /* include */,
				E45BE0A80E8CC67C009D7055 /* lib */,
			);
			path = glee;
			sourceTree = "<group>";
		};
		E45BE0A60E8CC67C009D7055 /* include */ = {
			isa = PBXGroup;
			children = (
				E45BE0A70E8CC67C009D7055 /* GLee.h */,
			);
			path = include;
			sourceTree = "<group>";
		};
		E45BE0A80E8CC67C009D7055 /* lib */ = {
			isa = PBXGroup;
			children = (
				E45BE0A90E8CC67C009D7055 /* GLee.a */,
			);
			path = lib;
			sourceTree = "<group>";
		};
		E45BE2D50E8CC69C009D7055 /* rtAudio */ = {
			isa = PBXGroup;
			children = (
				E45BE2D60E8CC69C009D7055 /* include */,
				E45BE2E20E8CC69C009D7055 /* lib */,
			);
			path = rtAudio;
			sourceTree = "<group>";
		};
		E45BE2D60E8CC69C009D7055 /* include */ = {
			isa = PBXGroup;
			children = (
				E45BE2E00E8CC69C009D7055 /* RtAudio.h */,
				E45BE2E10E8CC69C009D7055 /* RtError.h */,
			);
			path = include;
			sourceTree = "<group>";
		};
		E45BE2E20E8CC69C009D7055 /* lib */ = {
			isa = PBXGroup;
			children = (
				E45BE2E30E8CC69C009D7055 /* rtAudio.a */,
			);
			path = lib;
			sourceTree = "<group>";
		};
		E45BE5980E8CC70C009D7055 /* core frameworks */ = {
			isa = PBXGroup;
			children = (
				53A151C311182B42004A5DA1 /* GLUT.framework */,
				E4C2424410CC5A17004149E2 /* AppKit.framework */,
				E4C2424510CC5A17004149E2 /* Cocoa.framework */,
				E4C2424610CC5A17004149E2 /* IOKit.framework */,
				E45BE9710E8CC7DD009D7055 /* AGL.framework */,
				E45BE9720E8CC7DD009D7055 /* ApplicationServices.framework */,
				E45BE9730E8CC7DD009D7055 /* AudioToolbox.framework */,
				E45BE9740E8CC7DD009D7055 /* Carbon.framework */,
				E45BE9750E8CC7DD009D7055 /* CoreAudio.framework */,
				E45BE9760E8CC7DD009D7055 /* CoreFoundation.framework */,
				E45BE9770E8CC7DD009D7055 /* CoreServices.framework */,
				E45BE9790E8CC7DD009D7055 /* OpenGL.framework */,
				E45BE97A0E8CC7DD009D7055 /* QuickTime.framework */,
			);
			name = "core frameworks";
			path = libs;
			sourceTree = "<group>";
		};
		E45BEC7B0E8CC911009D7055 /* poco */ = {
			isa = PBXGroup;
			children = (
				E4C2427910CC5B66004149E2 /* lib */,
			);
			path = poco;
			sourceTree = "<group>";
		};
		E4B69B4A0A3A1720003C02F2 = {
			isa = PBXGroup;
			children = (
				E4B69B5B0A3A1756003C02F2 /* Phagos.app */,
				E4B6FCAD0C3E899E008CF71C /* openFrameworks-Info.plist */,
				53A14ED11116D6B7004A5DA1 /* Resources */,
				E4B69E1C0A3A1BDC003C02F2 /* src */,
				5354940A1114D02500A4CAE3 /* openFrameworks */,
			);
			sourceTree = "<group>";
		};
		E4B69E1C0A3A1BDC003C02F2 /* src */ = {
			isa = PBXGroup;
			children = (
				53A14F391116DBA3004A5DA1 /* ofOSX.h */,
				53A14F3A1116DBA3004A5DA1 /* ofOSX.mm */,
				53F5763411157EB300889420 /* Image.cpp */,
				53F5763511157EB300889420 /* Image.h */,
				53F57790111597EC00889420 /* phagosConstants.cpp */,
				53F5734A111535B700889420 /* phagosConstants.h */,
				E4B69E1D0A3A1BDC003C02F2 /* main.cpp */,
				E4B69E1F0A3A1BDC003C02F2 /* phagosApp.h */,
				E4B69E1E0A3A1BDC003C02F2 /* phagosApp.cpp */,
				53558C2011150BA20079191E /* game */,
				53558BE31114F8B60079191E /* creatures */,
			);
			path = src;
			sourceTree = SOURCE_ROOT;
		};
		E4C2422310CC54B6004149E2 /* openFrameworks */ = {
			isa = PBXGroup;
			children = (
				E4C2421610CC549C004149E2 /* openFrameworksLib.xcodeproj */,
			);
			name = openFrameworks;
			path = openFrameworksCompiled/project/osx;
			sourceTree = "<group>";
		};
		E4C2427910CC5B66004149E2 /* lib */ = {
			isa = PBXGroup;
			children = (
				E4C2427A10CC5B66004149E2 /* CppUnit.a */,
				E4C2427B10CC5B66004149E2 /* PocoFoundation.a */,
				E4C2427C10CC5B66004149E2 /* PocoNet.a */,
				E4C2427D10CC5B66004149E2 /* PocoUtil.a */,
				E4C2427E10CC5B66004149E2 /* PocoXML.a */,
			);
			path = lib;
			sourceTree = "<group>";
		};
		E4C2428E10CC5C18004149E2 /* lib */ = {
			isa = PBXGroup;
			children = (
				E4C242CC10CC650E004149E2 /* libfmodex.dylib */,
			);
			path = lib;
			sourceTree = "<group>";
		};
		E4C2429210CC5C38004149E2 /* lib */ = {
			isa = PBXGroup;
			children = (
				E4C2429310CC5C38004149E2 /* freetype.a */,
			);
			path = lib;
			sourceTree = "<group>";
		};
		E4C246D810CCAE22004149E2 /* lib */ = {
			isa = PBXGroup;
			children = (
				E4C246D910CCAE22004149E2 /* freeimage.a */,
			);
			path = lib;
			sourceTree = "<group>";
		};
/* End PBXGroup section */

/* Begin PBXNativeTarget section */
		E4B69B5A0A3A1756003C02F2 /* Phagos */ = {
			isa = PBXNativeTarget;
			buildConfigurationList = E4B69B5F0A3A1757003C02F2 /* Build configuration list for PBXNativeTarget "Phagos" */;
			buildPhases = (
				E4B69B580A3A1756003C02F2 /* Sources */,
				E4B69B590A3A1756003C02F2 /* Frameworks */,
				E4B6FFFD0C3F9AB9008CF71C /* ShellScript */,
				E4C2427710CC5ABF004149E2 /* CopyFiles */,
			);
			buildRules = (
			);
			dependencies = (
			);
			name = Phagos;
			productName = myOFApp;
			productReference = E4B69B5B0A3A1756003C02F2 /* Phagos.app */;
			productType = "com.apple.product-type.application";
		};
/* End PBXNativeTarget section */

/* Begin PBXProject section */
		E4B69B4C0A3A1720003C02F2 /* Project object */ = {
			isa = PBXProject;
			attributes = {
				ORGANIZATIONNAME = "Experimental Design Lab";
			};
			buildConfigurationList = E4B69B4D0A3A1720003C02F2 /* Build configuration list for PBXProject "Phagos" */;
			compatibilityVersion = "Xcode 2.4";
			hasScannedForEncodings = 0;
			mainGroup = E4B69B4A0A3A1720003C02F2;
			productRefGroup = E4B69B4A0A3A1720003C02F2;
			projectDirPath = "";
			projectReferences = (
				{
					ProductGroup = 535493601114CCFC00A4CAE3 /* Products */;
					ProjectRef = E4C2421610CC549C004149E2 /* openFrameworksLib.xcodeproj */;
				},
			);
			projectRoot = "";
			targets = (
				E4B69B5A0A3A1756003C02F2 /* Phagos */,
			);
		};
/* End PBXProject section */

/* Begin PBXReferenceProxy section */
		535493641114CCFC00A4CAE3 /* openFrameworks.a */ = {
			isa = PBXReferenceProxy;
			fileType = archive.ar;
			path = openFrameworks.a;
			remoteRef = 535493631114CCFC00A4CAE3 /* PBXContainerItemProxy */;
			sourceTree = BUILT_PRODUCTS_DIR;
		};
/* End PBXReferenceProxy section */

/* Begin PBXShellScriptBuildPhase section */
		E4B6FFFD0C3F9AB9008CF71C /* ShellScript */ = {
			isa = PBXShellScriptBuildPhase;
			buildActionMask = 2147483647;
			files = (
			);
			inputPaths = (
			);
			outputPaths = (
			);
			runOnlyForDeploymentPostprocessing = 0;
			shellPath = /bin/sh;
			shellScript = "cp -rf bin/Resources \"$TARGET_BUILD_DIR/$PRODUCT_NAME.app/Contents/\"\ncp -f ../../../libs/fmodex/lib/osx/libfmodex.dylib \"$TARGET_BUILD_DIR/$PRODUCT_NAME.app/Contents/MacOS/libfmodex.dylib\"\ninstall_name_tool -change ./libfmodex.dylib @executable_path/libfmodex.dylib \"$TARGET_BUILD_DIR/$PRODUCT_NAME.app/Contents/MacOS/$PRODUCT_NAME\" ";
		};
/* End PBXShellScriptBuildPhase section */

/* Begin PBXSourcesBuildPhase section */
		E4B69B580A3A1756003C02F2 /* Sources */ = {
			isa = PBXSourcesBuildPhase;
			buildActionMask = 2147483647;
			files = (
				53F576941115886700889420 /* SDLMain.m in Sources */,
				E4B69E200A3A1BDC003C02F2 /* main.cpp in Sources */,
				E4B69E210A3A1BDC003C02F2 /* phagosApp.cpp in Sources */,
				53548FA31114245A00A4CAE3 /* ofxSDLAppWindow.cpp in Sources */,
				53558BAF1114F52C0079191E /* binner.cpp in Sources */,
				53558BB01114F52C0079191E /* ofxMSAParticle.cpp in Sources */,
				53558BB11114F52C0079191E /* ofxMSAPhysics.cpp in Sources */,
				53558BB21114F52C0079191E /* ofxMSAPhysicsUtils.cpp in Sources */,
				53558BB91114F6180079191E /* ofxObjCPointer.cpp in Sources */,
				53558BE61114F8D00079191E /* Creature.cpp in Sources */,
				53558BE91114F95A0079191E /* CreatureWorld.cpp in Sources */,
				53558BEC1114FDC70079191E /* Player.cpp in Sources */,
				53558BEF1114FE8B0079191E /* PlayerManager.cpp in Sources */,
				53558C141115073B0079191E /* hl_md5.cpp in Sources */,
				53558C151115073B0079191E /* hl_md5wrapper.cpp in Sources */,
				53558C161115073B0079191E /* hl_sha1.cpp in Sources */,
				53558C171115073B0079191E /* hl_sha1wrapper.cpp in Sources */,
				53558C181115073B0079191E /* hl_sha256.cpp in Sources */,
				53558C191115073B0079191E /* hl_sha256wrapper.cpp in Sources */,
				53558C1A1115073B0079191E /* hl_sha2ext.cpp in Sources */,
				53558C1B1115073B0079191E /* hl_sha384wrapper.cpp in Sources */,
				53558C1C1115073B0079191E /* hl_sha512wrapper.cpp in Sources */,
				53558C1D1115073B0079191E /* ofxMSADataProtector.cpp in Sources */,
				53558C1E1115073B0079191E /* ofxMSAPerlin.cpp in Sources */,
				53558C1F1115073B0079191E /* ofxMSAUtils.cpp in Sources */,
				53F571C61115124900889420 /* GameManager.cpp in Sources */,
				53F571CE1115181900889420 /* OpeningGameState.cpp in Sources */,
				53F5720011151C7E00889420 /* IntroGameState.cpp in Sources */,
				53F5722811151E6F00889420 /* WaitingGameState.cpp in Sources */,
				53F572AF111527EF00889420 /* PlayingGameState.cpp in Sources */,
				53F572B9111528B000889420 /* OverGameState.cpp in Sources */,
				53F574301115588000889420 /* CreatureCreator.cpp in Sources */,
				53F5763611157EB300889420 /* Image.cpp in Sources */,
				53F57791111597EC00889420 /* phagosConstants.cpp in Sources */,
				53F577D611159EA000889420 /* PhagosLogo.cpp in Sources */,
				53F57B291116567900889420 /* CollisionForceField.cpp in Sources */,
				53A14E601116CA75004A5DA1 /* EdgesForceField.cpp in Sources */,
				53A14F3B1116DBA3004A5DA1 /* ofOSX.mm in Sources */,
				53A14F641117DABB004A5DA1 /* Food.cpp in Sources */,
			);
			runOnlyForDeploymentPostprocessing = 0;
		};
/* End PBXSourcesBuildPhase section */

/* Begin XCBuildConfiguration section */
		E4B27CA010CBF8A600536013 /* ReleaseUniversal */ = {
			isa = XCBuildConfiguration;
			buildSettings = {
				ARCHS = (
					ppc,
					i386,
				);
				CONFIGURATION_BUILD_DIR = "$(SRCROOT)/bin/";
				COPY_PHASE_STRIP = YES;
				DEAD_CODE_STRIPPING = YES;
				FRAMEWORK_SEARCH_PATHS = "../../../addons/**";
				GCC_AUTO_VECTORIZATION = YES;
				GCC_ENABLE_SSE3_EXTENSIONS = YES;
				GCC_ENABLE_SUPPLEMENTAL_SSE3_INSTRUCTIONS = YES;
				GCC_INLINES_ARE_PRIVATE_EXTERN = NO;
				GCC_MODEL_TUNING = G5;
				GCC_OPTIMIZATION_LEVEL = 3;
				GCC_SYMBOLS_PRIVATE_EXTERN = NO;
				GCC_UNROLL_LOOPS = YES;
				GCC_WARN_ABOUT_DEPRECATED_FUNCTIONS = NO;
				GCC_WARN_ABOUT_INVALID_OFFSETOF_MACRO = NO;
				GCC_WARN_ALLOW_INCOMPLETE_PROTOCOL = NO;
				GCC_WARN_UNINITIALIZED_AUTOS = NO;
				GCC_WARN_UNUSED_VALUE = NO;
				GCC_WARN_UNUSED_VARIABLE = NO;
				HEADER_SEARCH_PATHS = (
					../../../libs/freetype/include/freetype2,
					../../../libs/freetype/include,
					"../../../libs/openFrameworks/**",
					"../../../addons/**",
					../../../addons/ofxSDL/libs/SDL.framework/Headers,
					../../../libs/poco/include,
				);
				OTHER_CPLUSPLUSFLAGS = (
					"-D__MACOSX_CORE__",
					"-lpthread",
				);
				OTHER_LDFLAGS = "";
				PREBINDING = NO;
				SDKROOT = /Developer/SDKs/MacOSX10.5.sdk;
			};
			name = ReleaseUniversal;
		};
		E4B27CA110CBF8A600536013 /* ReleaseUniversal */ = {
			isa = XCBuildConfiguration;
			buildSettings = {
				COPY_PHASE_STRIP = YES;
				FRAMEWORK_SEARCH_PATHS = (
					"$(inherited)",
					"$(FRAMEWORK_SEARCH_PATHS_QUOTED_FOR_TARGET_1)",
					"$(FRAMEWORK_SEARCH_PATHS_QUOTED_FOR_TARGET_2)",
					"$(FRAMEWORK_SEARCH_PATHS_QUOTED_FOR_TARGET_3)",
				);
				FRAMEWORK_SEARCH_PATHS_QUOTED_FOR_TARGET_1 = "\"$(SRCROOT)/../../../libs/glut/lib/osx\"";
				FRAMEWORK_SEARCH_PATHS_QUOTED_FOR_TARGET_2 = "\"$(SRCROOT)/../../../addons/ofxSDL/libs\"";
				FRAMEWORK_SEARCH_PATHS_QUOTED_FOR_TARGET_3 = "\"$(SRCROOT)/../../libs\"";
				GCC_ENABLE_FIX_AND_CONTINUE = NO;
				GCC_GENERATE_DEBUGGING_SYMBOLS = NO;
				GCC_MODEL_TUNING = G4;
				GCC_PRECOMPILE_PREFIX_HEADER = YES;
				GCC_PREFIX_HEADER = "$(SYSTEM_LIBRARY_DIR)/Frameworks/Carbon.framework/Headers/Carbon.h";
				INFOPLIST_FILE = "openFrameworks-Info.plist";
				INSTALL_PATH = "$(HOME)/Applications";
				LIBRARY_SEARCH_PATHS = (
					"$(inherited)",
					"$(LIBRARY_SEARCH_PATHS_QUOTED_FOR_TARGET_1)",
					"$(LIBRARY_SEARCH_PATHS_QUOTED_FOR_TARGET_2)",
					"$(LIBRARY_SEARCH_PATHS_QUOTED_FOR_TARGET_3)",
					"$(LIBRARY_SEARCH_PATHS_QUOTED_FOR_TARGET_4)",
					"$(LIBRARY_SEARCH_PATHS_QUOTED_FOR_TARGET_5)",
					"$(LIBRARY_SEARCH_PATHS_QUOTED_FOR_TARGET_6)",
					"$(LIBRARY_SEARCH_PATHS_QUOTED_FOR_TARGET_7)",
					"$(LIBRARY_SEARCH_PATHS_QUOTED_FOR_TARGET_8)",
					"$(LIBRARY_SEARCH_PATHS_QUOTED_FOR_TARGET_9)",
					"$(LIBRARY_SEARCH_PATHS_QUOTED_FOR_TARGET_10)",
					"$(LIBRARY_SEARCH_PATHS_QUOTED_FOR_TARGET_11)",
					"$(LIBRARY_SEARCH_PATHS_QUOTED_FOR_TARGET_12)",
					"$(LIBRARY_SEARCH_PATHS_QUOTED_FOR_TARGET_13)",
					"$(LIBRARY_SEARCH_PATHS_QUOTED_FOR_TARGET_14)",
					"$(LIBRARY_SEARCH_PATHS_QUOTED_FOR_TARGET_15)",
					"$(LIBRARY_SEARCH_PATHS_QUOTED_FOR_TARGET_2)",
					"$(LIBRARY_SEARCH_PATHS_QUOTED_FOR_TARGET_3)",
					"$(LIBRARY_SEARCH_PATHS_QUOTED_FOR_TARGET_7)",
					"$(LIBRARY_SEARCH_PATHS_QUOTED_FOR_TARGET_8)",
					"$(LIBRARY_SEARCH_PATHS_QUOTED_FOR_TARGET_9)",
				);
				LIBRARY_SEARCH_PATHS_QUOTED_FOR_TARGET_1 = "\"$(SRCROOT)/../../../libs/freeimage/lib/osx\"";
				LIBRARY_SEARCH_PATHS_QUOTED_FOR_TARGET_14 = "\"$(SRCROOT)/../../../libs/fmodex/lib/osx\"";
				LIBRARY_SEARCH_PATHS_QUOTED_FOR_TARGET_15 = "\"$(SRCROOT)/../../../libs/freetype/lib/osx\"";
				LIBRARY_SEARCH_PATHS_QUOTED_FOR_TARGET_2 = "\"$(SRCROOT)/../../../libs/FreeImage/lib/osx\"";
				LIBRARY_SEARCH_PATHS_QUOTED_FOR_TARGET_3 = "\"$(SRCROOT)/../../../../libs/glee/lib/osx\"";
				LIBRARY_SEARCH_PATHS_QUOTED_FOR_TARGET_4 = "\"$(SRCROOT)/../../../libs/GLee/lib/osx\"";
				LIBRARY_SEARCH_PATHS_QUOTED_FOR_TARGET_5 = "\"$(SRCROOT)/../../../libs/poco/lib/osx\"";
				LIBRARY_SEARCH_PATHS_QUOTED_FOR_TARGET_6 = "\"$(SRCROOT)/../../../libs/rtAudio/lib/osx\"";
				LIBRARY_SEARCH_PATHS_QUOTED_FOR_TARGET_7 = "\"$(SRCROOT)/../../../../libs/poco/lib/osx\"";
				LIBRARY_SEARCH_PATHS_QUOTED_FOR_TARGET_8 = "\"$(SRCROOT)/../../../../libs/fmodex/lib/osx\"";
				LIBRARY_SEARCH_PATHS_QUOTED_FOR_TARGET_9 = "\"$(SRCROOT)/../../../../libs/freetype/lib/osx\"";
				PREBINDING = NO;
				PRODUCT_NAME = "$(TARGET_NAME)Universal";
				WRAPPER_EXTENSION = app;
				ZERO_LINK = NO;
			};
			name = ReleaseUniversal;
		};
		E4B69B4E0A3A1720003C02F2 /* Debug */ = {
			isa = XCBuildConfiguration;
			buildSettings = {
				ARCHS = "$(NATIVE_ARCH)";
				CONFIGURATION_BUILD_DIR = "$(SRCROOT)/bin/";
				COPY_PHASE_STRIP = YES;
				DEAD_CODE_STRIPPING = YES;
				FRAMEWORK_SEARCH_PATHS = "../../../addons/**";
				GCC_AUTO_VECTORIZATION = YES;
				GCC_ENABLE_SSE3_EXTENSIONS = YES;
				GCC_ENABLE_SUPPLEMENTAL_SSE3_INSTRUCTIONS = YES;
				GCC_INLINES_ARE_PRIVATE_EXTERN = NO;
				GCC_MODEL_TUNING = G5;
				GCC_SYMBOLS_PRIVATE_EXTERN = NO;
				GCC_UNROLL_LOOPS = YES;
				GCC_WARN_ABOUT_DEPRECATED_FUNCTIONS = NO;
				GCC_WARN_ABOUT_INVALID_OFFSETOF_MACRO = NO;
				GCC_WARN_ALLOW_INCOMPLETE_PROTOCOL = NO;
				GCC_WARN_UNINITIALIZED_AUTOS = NO;
				GCC_WARN_UNUSED_VALUE = NO;
				GCC_WARN_UNUSED_VARIABLE = NO;
				HEADER_SEARCH_PATHS = (
					../../../libs/freetype/include/freetype2,
					../../../libs/freetype/include,
					"../../../libs/openFrameworks/**",
					"../../../addons/**",
					../../../addons/ofxSDL/libs/SDL.framework/Headers,
					../../../libs/poco/include,
				);
				LIBRARY_SEARCH_PATHS = "";
				OTHER_CPLUSPLUSFLAGS = (
					"-D__MACOSX_CORE__",
					"-lpthread",
				);
				OTHER_LDFLAGS = "";
				PREBINDING = NO;
				SDKROOT = /Developer/SDKs/MacOSX10.5.sdk;
			};
			name = Debug;
		};
		E4B69B4F0A3A1720003C02F2 /* Release */ = {
			isa = XCBuildConfiguration;
			buildSettings = {
				ARCHS = "$(NATIVE_ARCH)";
				CONFIGURATION_BUILD_DIR = "$(SRCROOT)/bin/";
				COPY_PHASE_STRIP = YES;
				DEAD_CODE_STRIPPING = YES;
				FRAMEWORK_SEARCH_PATHS = "../../../addons/**";
				GCC_AUTO_VECTORIZATION = YES;
				GCC_ENABLE_SSE3_EXTENSIONS = YES;
				GCC_ENABLE_SUPPLEMENTAL_SSE3_INSTRUCTIONS = YES;
				GCC_INLINES_ARE_PRIVATE_EXTERN = NO;
				GCC_MODEL_TUNING = G5;
				GCC_OPTIMIZATION_LEVEL = 3;
				GCC_SYMBOLS_PRIVATE_EXTERN = NO;
				GCC_UNROLL_LOOPS = YES;
				GCC_WARN_ABOUT_DEPRECATED_FUNCTIONS = NO;
				GCC_WARN_ABOUT_INVALID_OFFSETOF_MACRO = NO;
				GCC_WARN_ALLOW_INCOMPLETE_PROTOCOL = NO;
				GCC_WARN_UNINITIALIZED_AUTOS = NO;
				GCC_WARN_UNUSED_VALUE = NO;
				GCC_WARN_UNUSED_VARIABLE = NO;
				HEADER_SEARCH_PATHS = (
					../../../libs/freetype/include/freetype2,
					../../../libs/freetype/include,
					"../../../libs/openFrameworks/**",
					"../../../addons/**",
					../../../addons/ofxSDL/libs/SDL.framework/Headers,
					../../../libs/poco/include,
				);
				OTHER_CPLUSPLUSFLAGS = (
					"-D__MACOSX_CORE__",
					"-lpthread",
				);
				OTHER_LDFLAGS = "";
				PREBINDING = NO;
				SDKROOT = /Developer/SDKs/MacOSX10.5.sdk;
			};
			name = Release;
		};
		E4B69B600A3A1757003C02F2 /* Debug */ = {
			isa = XCBuildConfiguration;
			buildSettings = {
				COPY_PHASE_STRIP = NO;
				FRAMEWORK_SEARCH_PATHS = (
					"$(inherited)",
					"$(FRAMEWORK_SEARCH_PATHS_QUOTED_FOR_TARGET_1)",
					"$(FRAMEWORK_SEARCH_PATHS_QUOTED_FOR_TARGET_2)",
					"$(FRAMEWORK_SEARCH_PATHS_QUOTED_FOR_TARGET_3)",
				);
				FRAMEWORK_SEARCH_PATHS_QUOTED_FOR_TARGET_1 = "\"$(SRCROOT)/../../../libs/glut/lib/osx\"";
				FRAMEWORK_SEARCH_PATHS_QUOTED_FOR_TARGET_2 = "\"$(SRCROOT)/../../../addons/ofxSDL/libs\"";
				FRAMEWORK_SEARCH_PATHS_QUOTED_FOR_TARGET_3 = "\"$(SRCROOT)/../../libs\"";
				GCC_DYNAMIC_NO_PIC = NO;
				GCC_ENABLE_FIX_AND_CONTINUE = YES;
				GCC_GENERATE_DEBUGGING_SYMBOLS = YES;
				GCC_MODEL_TUNING = G4;
				GCC_OPTIMIZATION_LEVEL = 0;
				GCC_PRECOMPILE_PREFIX_HEADER = YES;
				GCC_PREFIX_HEADER = "$(SYSTEM_LIBRARY_DIR)/Frameworks/Carbon.framework/Headers/Carbon.h";
				INFOPLIST_FILE = "openFrameworks-Info.plist";
				INSTALL_PATH = "$(HOME)/Applications";
				LIBRARY_SEARCH_PATHS = (
					"$(inherited)",
					"$(LIBRARY_SEARCH_PATHS_QUOTED_FOR_TARGET_1)",
					"$(LIBRARY_SEARCH_PATHS_QUOTED_FOR_TARGET_2)",
					"$(LIBRARY_SEARCH_PATHS_QUOTED_FOR_TARGET_3)",
					"$(LIBRARY_SEARCH_PATHS_QUOTED_FOR_TARGET_4)",
					"$(LIBRARY_SEARCH_PATHS_QUOTED_FOR_TARGET_5)",
					"$(LIBRARY_SEARCH_PATHS_QUOTED_FOR_TARGET_6)",
					"$(LIBRARY_SEARCH_PATHS_QUOTED_FOR_TARGET_7)",
					"$(LIBRARY_SEARCH_PATHS_QUOTED_FOR_TARGET_8)",
					"$(LIBRARY_SEARCH_PATHS_QUOTED_FOR_TARGET_9)",
					"$(LIBRARY_SEARCH_PATHS_QUOTED_FOR_TARGET_10)",
					"$(LIBRARY_SEARCH_PATHS_QUOTED_FOR_TARGET_11)",
					"$(LIBRARY_SEARCH_PATHS_QUOTED_FOR_TARGET_12)",
					"$(LIBRARY_SEARCH_PATHS_QUOTED_FOR_TARGET_13)",
					"$(LIBRARY_SEARCH_PATHS_QUOTED_FOR_TARGET_14)",
					"$(LIBRARY_SEARCH_PATHS_QUOTED_FOR_TARGET_15)",
					"$(LIBRARY_SEARCH_PATHS_QUOTED_FOR_TARGET_2)",
					"$(LIBRARY_SEARCH_PATHS_QUOTED_FOR_TARGET_3)",
					"$(LIBRARY_SEARCH_PATHS_QUOTED_FOR_TARGET_7)",
					"$(LIBRARY_SEARCH_PATHS_QUOTED_FOR_TARGET_8)",
					"$(LIBRARY_SEARCH_PATHS_QUOTED_FOR_TARGET_9)",
				);
				LIBRARY_SEARCH_PATHS_QUOTED_FOR_TARGET_1 = "\"$(SRCROOT)/../../../libs/freeimage/lib/osx\"";
				LIBRARY_SEARCH_PATHS_QUOTED_FOR_TARGET_14 = "\"$(SRCROOT)/../../../libs/fmodex/lib/osx\"";
				LIBRARY_SEARCH_PATHS_QUOTED_FOR_TARGET_15 = "\"$(SRCROOT)/../../../libs/freetype/lib/osx\"";
				LIBRARY_SEARCH_PATHS_QUOTED_FOR_TARGET_2 = "\"$(SRCROOT)/../../../libs/FreeImage/lib/osx\"";
				LIBRARY_SEARCH_PATHS_QUOTED_FOR_TARGET_3 = "\"$(SRCROOT)/../../../../libs/glee/lib/osx\"";
				LIBRARY_SEARCH_PATHS_QUOTED_FOR_TARGET_4 = "\"$(SRCROOT)/../../../libs/GLee/lib/osx\"";
				LIBRARY_SEARCH_PATHS_QUOTED_FOR_TARGET_5 = "\"$(SRCROOT)/../../../libs/poco/lib/osx\"";
				LIBRARY_SEARCH_PATHS_QUOTED_FOR_TARGET_6 = "\"$(SRCROOT)/../../../libs/rtAudio/lib/osx\"";
				LIBRARY_SEARCH_PATHS_QUOTED_FOR_TARGET_7 = "\"$(SRCROOT)/../../../../libs/poco/lib/osx\"";
				LIBRARY_SEARCH_PATHS_QUOTED_FOR_TARGET_8 = "\"$(SRCROOT)/../../../../libs/fmodex/lib/osx\"";
				LIBRARY_SEARCH_PATHS_QUOTED_FOR_TARGET_9 = "\"$(SRCROOT)/../../../../libs/freetype/lib/osx\"";
				PREBINDING = NO;
				PRODUCT_NAME = "$(TARGET_NAME)Debug";
				WRAPPER_EXTENSION = app;
				ZERO_LINK = NO;
			};
			name = Debug;
		};
		E4B69B610A3A1757003C02F2 /* Release */ = {
			isa = XCBuildConfiguration;
			buildSettings = {
				COPY_PHASE_STRIP = YES;
				FRAMEWORK_SEARCH_PATHS = (
					"$(inherited)",
					"$(FRAMEWORK_SEARCH_PATHS_QUOTED_FOR_TARGET_1)",
					"$(FRAMEWORK_SEARCH_PATHS_QUOTED_FOR_TARGET_2)",
					"$(FRAMEWORK_SEARCH_PATHS_QUOTED_FOR_TARGET_3)",
				);
				FRAMEWORK_SEARCH_PATHS_QUOTED_FOR_TARGET_1 = "\"$(SRCROOT)/../../../libs/glut/lib/osx\"";
				FRAMEWORK_SEARCH_PATHS_QUOTED_FOR_TARGET_2 = "\"$(SRCROOT)/../../../addons/ofxSDL/libs\"";
				FRAMEWORK_SEARCH_PATHS_QUOTED_FOR_TARGET_3 = "\"$(SRCROOT)/../../libs\"";
				GCC_ENABLE_FIX_AND_CONTINUE = NO;
				GCC_GENERATE_DEBUGGING_SYMBOLS = NO;
				GCC_MODEL_TUNING = G4;
				GCC_PRECOMPILE_PREFIX_HEADER = YES;
				GCC_PREFIX_HEADER = "$(SYSTEM_LIBRARY_DIR)/Frameworks/Carbon.framework/Headers/Carbon.h";
				INFOPLIST_FILE = "openFrameworks-Info.plist";
				INSTALL_PATH = "$(HOME)/Applications";
				LIBRARY_SEARCH_PATHS = (
					"$(inherited)",
					"$(LIBRARY_SEARCH_PATHS_QUOTED_FOR_TARGET_1)",
					"$(LIBRARY_SEARCH_PATHS_QUOTED_FOR_TARGET_2)",
					"$(LIBRARY_SEARCH_PATHS_QUOTED_FOR_TARGET_3)",
					"$(LIBRARY_SEARCH_PATHS_QUOTED_FOR_TARGET_4)",
					"$(LIBRARY_SEARCH_PATHS_QUOTED_FOR_TARGET_5)",
					"$(LIBRARY_SEARCH_PATHS_QUOTED_FOR_TARGET_6)",
					"$(LIBRARY_SEARCH_PATHS_QUOTED_FOR_TARGET_7)",
					"$(LIBRARY_SEARCH_PATHS_QUOTED_FOR_TARGET_8)",
					"$(LIBRARY_SEARCH_PATHS_QUOTED_FOR_TARGET_9)",
					"$(LIBRARY_SEARCH_PATHS_QUOTED_FOR_TARGET_10)",
					"$(LIBRARY_SEARCH_PATHS_QUOTED_FOR_TARGET_11)",
					"$(LIBRARY_SEARCH_PATHS_QUOTED_FOR_TARGET_12)",
					"$(LIBRARY_SEARCH_PATHS_QUOTED_FOR_TARGET_13)",
					"$(LIBRARY_SEARCH_PATHS_QUOTED_FOR_TARGET_14)",
					"$(LIBRARY_SEARCH_PATHS_QUOTED_FOR_TARGET_15)",
					"$(LIBRARY_SEARCH_PATHS_QUOTED_FOR_TARGET_2)",
					"$(LIBRARY_SEARCH_PATHS_QUOTED_FOR_TARGET_3)",
					"$(LIBRARY_SEARCH_PATHS_QUOTED_FOR_TARGET_7)",
					"$(LIBRARY_SEARCH_PATHS_QUOTED_FOR_TARGET_8)",
					"$(LIBRARY_SEARCH_PATHS_QUOTED_FOR_TARGET_9)",
				);
				LIBRARY_SEARCH_PATHS_QUOTED_FOR_TARGET_1 = "\"$(SRCROOT)/../../../libs/freeimage/lib/osx\"";
				LIBRARY_SEARCH_PATHS_QUOTED_FOR_TARGET_14 = "\"$(SRCROOT)/../../../libs/fmodex/lib/osx\"";
				LIBRARY_SEARCH_PATHS_QUOTED_FOR_TARGET_15 = "\"$(SRCROOT)/../../../libs/freetype/lib/osx\"";
				LIBRARY_SEARCH_PATHS_QUOTED_FOR_TARGET_2 = "\"$(SRCROOT)/../../../libs/FreeImage/lib/osx\"";
				LIBRARY_SEARCH_PATHS_QUOTED_FOR_TARGET_3 = "\"$(SRCROOT)/../../../../libs/glee/lib/osx\"";
				LIBRARY_SEARCH_PATHS_QUOTED_FOR_TARGET_4 = "\"$(SRCROOT)/../../../libs/GLee/lib/osx\"";
				LIBRARY_SEARCH_PATHS_QUOTED_FOR_TARGET_5 = "\"$(SRCROOT)/../../../libs/poco/lib/osx\"";
				LIBRARY_SEARCH_PATHS_QUOTED_FOR_TARGET_6 = "\"$(SRCROOT)/../../../libs/rtAudio/lib/osx\"";
				LIBRARY_SEARCH_PATHS_QUOTED_FOR_TARGET_7 = "\"$(SRCROOT)/../../../../libs/poco/lib/osx\"";
				LIBRARY_SEARCH_PATHS_QUOTED_FOR_TARGET_8 = "\"$(SRCROOT)/../../../../libs/fmodex/lib/osx\"";
				LIBRARY_SEARCH_PATHS_QUOTED_FOR_TARGET_9 = "\"$(SRCROOT)/../../../../libs/freetype/lib/osx\"";
				PREBINDING = NO;
				PRODUCT_NAME = "$(TARGET_NAME)";
				WRAPPER_EXTENSION = app;
				ZERO_LINK = NO;
			};
			name = Release;
		};
/* End XCBuildConfiguration section */

/* Begin XCConfigurationList section */
		E4B69B4D0A3A1720003C02F2 /* Build configuration list for PBXProject "Phagos" */ = {
			isa = XCConfigurationList;
			buildConfigurations = (
				E4B69B4E0A3A1720003C02F2 /* Debug */,
				E4B69B4F0A3A1720003C02F2 /* Release */,
				E4B27CA010CBF8A600536013 /* ReleaseUniversal */,
			);
			defaultConfigurationIsVisible = 0;
			defaultConfigurationName = Release;
		};
		E4B69B5F0A3A1757003C02F2 /* Build configuration list for PBXNativeTarget "Phagos" */ = {
			isa = XCConfigurationList;
			buildConfigurations = (
				E4B69B600A3A1757003C02F2 /* Debug */,
				E4B69B610A3A1757003C02F2 /* Release */,
				E4B27CA110CBF8A600536013 /* ReleaseUniversal */,
			);
			defaultConfigurationIsVisible = 0;
			defaultConfigurationName = Release;
		};
/* End XCConfigurationList section */
	};
	rootObject = E4B69B4C0A3A1720003C02F2 /* Project object */;
}
